// !$*UTF8*$!
{
	archiveVersion = 1;
	classes = {
	};
	objectVersion = 56;
	objects = {

/* Begin PBXBuildFile section */
		B404A9932BC5BEC30050225A /* Entity+Sunlight.swift in Sources */ = {isa = PBXBuildFile; fileRef = B404A9922BC5BEC30050225A /* Entity+Sunlight.swift */; };
		B404A9952BC5C08A0050225A /* Sunlight.skybox in Resources */ = {isa = PBXBuildFile; fileRef = B404A9942BC5C08A0050225A /* Sunlight.skybox */; };
		B411BBC92BFFB8BF0001A6E0 /* BillboardComponent.swift in Sources */ = {isa = PBXBuildFile; fileRef = B411BBC72BFFB8BE0001A6E0 /* BillboardComponent.swift */; };
		B411BBCA2BFFB8BF0001A6E0 /* BillboardSystem.swift in Sources */ = {isa = PBXBuildFile; fileRef = B411BBC82BFFB8BF0001A6E0 /* BillboardSystem.swift */; };
		B421B9CB2BCDC1F800E89E8E /* ToyCarView.swift in Sources */ = {isa = PBXBuildFile; fileRef = B421B9CA2BCDC1F800E89E8E /* ToyCarView.swift */; };
		B421B9CD2BCDC24800E89E8E /* Entity+Sunlight.swift in Sources */ = {isa = PBXBuildFile; fileRef = B421B9CC2BCDC24800E89E8E /* Entity+Sunlight.swift */; };
		B421B9D22BCDC5AB00E89E8E /* toy_car.usdz in Resources */ = {isa = PBXBuildFile; fileRef = B421B9CF2BCDC40800E89E8E /* toy_car.usdz */; };
		B421B9D32BCDC5DA00E89E8E /* Sunlight.skybox in Resources */ = {isa = PBXBuildFile; fileRef = B421B9D12BCDC40D00E89E8E /* Sunlight.skybox */; };
		B421B9D52BCDD35300E89E8E /* YawModifier.swift in Sources */ = {isa = PBXBuildFile; fileRef = B421B9D42BCDD35300E89E8E /* YawModifier.swift */; };
		B421B9D72BCEB2D300E89E8E /* PitchAndYawModifier.swift in Sources */ = {isa = PBXBuildFile; fileRef = B421B9D62BCEB2D300E89E8E /* PitchAndYawModifier.swift */; };
		B426BB652BFF9BCD00281EA0 /* RealityKitContent in Frameworks */ = {isa = PBXBuildFile; productRef = B426BB642BFF9BCD00281EA0 /* RealityKitContent */; };
		B426BB672BFF9BCD00281EA0 /* AttachmentsApp.swift in Sources */ = {isa = PBXBuildFile; fileRef = B426BB662BFF9BCD00281EA0 /* AttachmentsApp.swift */; };
		B426BB692BFF9BCD00281EA0 /* ContentView.swift in Sources */ = {isa = PBXBuildFile; fileRef = B426BB682BFF9BCD00281EA0 /* ContentView.swift */; };
		B426BB6B2BFF9BCD00281EA0 /* ImmersiveView.swift in Sources */ = {isa = PBXBuildFile; fileRef = B426BB6A2BFF9BCD00281EA0 /* ImmersiveView.swift */; };
		B426BB6D2BFF9BCF00281EA0 /* Assets.xcassets in Resources */ = {isa = PBXBuildFile; fileRef = B426BB6C2BFF9BCF00281EA0 /* Assets.xcassets */; };
		B426BB702BFF9BCF00281EA0 /* Preview Assets.xcassets in Resources */ = {isa = PBXBuildFile; fileRef = B426BB6F2BFF9BCF00281EA0 /* Preview Assets.xcassets */; };
		B43B138C2BD158F10018C15B /* RealityKitContent in Frameworks */ = {isa = PBXBuildFile; productRef = B43B138B2BD158F10018C15B /* RealityKitContent */; };
		B43B138E2BD158F10018C15B /* RotatingCubesApp.swift in Sources */ = {isa = PBXBuildFile; fileRef = B43B138D2BD158F10018C15B /* RotatingCubesApp.swift */; };
		B43B13902BD158F10018C15B /* ContentView.swift in Sources */ = {isa = PBXBuildFile; fileRef = B43B138F2BD158F10018C15B /* ContentView.swift */; };
		B43B13922BD158F10018C15B /* ImmersiveView.swift in Sources */ = {isa = PBXBuildFile; fileRef = B43B13912BD158F10018C15B /* ImmersiveView.swift */; };
		B43B13942BD158F30018C15B /* Assets.xcassets in Resources */ = {isa = PBXBuildFile; fileRef = B43B13932BD158F30018C15B /* Assets.xcassets */; };
		B43B13972BD158F30018C15B /* Preview Assets.xcassets in Resources */ = {isa = PBXBuildFile; fileRef = B43B13962BD158F30018C15B /* Preview Assets.xcassets */; };
		B45868FE2BC59FDF00D7DADC /* RealityKitContent in Frameworks */ = {isa = PBXBuildFile; productRef = B45868FD2BC59FDF00D7DADC /* RealityKitContent */; };
		B45869002BC59FDF00D7DADC /* VisionProExamplesApp.swift in Sources */ = {isa = PBXBuildFile; fileRef = B45868FF2BC59FDF00D7DADC /* VisionProExamplesApp.swift */; };
		B45869022BC59FDF00D7DADC /* ContentView.swift in Sources */ = {isa = PBXBuildFile; fileRef = B45869012BC59FDF00D7DADC /* ContentView.swift */; };
		B45869042BC59FDF00D7DADC /* ImmersiveView.swift in Sources */ = {isa = PBXBuildFile; fileRef = B45869032BC59FDF00D7DADC /* ImmersiveView.swift */; };
		B45869062BC59FEB00D7DADC /* Assets.xcassets in Resources */ = {isa = PBXBuildFile; fileRef = B45869052BC59FEB00D7DADC /* Assets.xcassets */; };
		B45869092BC59FEB00D7DADC /* Preview Assets.xcassets in Resources */ = {isa = PBXBuildFile; fileRef = B45869082BC59FEB00D7DADC /* Preview Assets.xcassets */; };
		B45869172BC5A28E00D7DADC /* RealityKitContent in Frameworks */ = {isa = PBXBuildFile; productRef = B45869162BC5A28E00D7DADC /* RealityKitContent */; };
		B45869192BC5A28E00D7DADC /* LoadingAModelApp.swift in Sources */ = {isa = PBXBuildFile; fileRef = B45869182BC5A28E00D7DADC /* LoadingAModelApp.swift */; };
		B458691B2BC5A28E00D7DADC /* ContentView.swift in Sources */ = {isa = PBXBuildFile; fileRef = B458691A2BC5A28E00D7DADC /* ContentView.swift */; };
		B458691D2BC5A28E00D7DADC /* ToyCarView.swift in Sources */ = {isa = PBXBuildFile; fileRef = B458691C2BC5A28E00D7DADC /* ToyCarView.swift */; };
		B458691F2BC5A29000D7DADC /* Assets.xcassets in Resources */ = {isa = PBXBuildFile; fileRef = B458691E2BC5A29000D7DADC /* Assets.xcassets */; };
		B45869222BC5A29000D7DADC /* Preview Assets.xcassets in Resources */ = {isa = PBXBuildFile; fileRef = B45869212BC5A29000D7DADC /* Preview Assets.xcassets */; };
		B45869282BC5A5E400D7DADC /* toy_car.usdz in Resources */ = {isa = PBXBuildFile; fileRef = B45869272BC5A5E400D7DADC /* toy_car.usdz */; };
		B467862A2BE1638E0004B275 /* RealityKitContent in Frameworks */ = {isa = PBXBuildFile; productRef = B46786292BE1638E0004B275 /* RealityKitContent */; };
		B467862C2BE1638E0004B275 /* SpinningCubeApp.swift in Sources */ = {isa = PBXBuildFile; fileRef = B467862B2BE1638E0004B275 /* SpinningCubeApp.swift */; };
		B467862E2BE1638E0004B275 /* ContentView.swift in Sources */ = {isa = PBXBuildFile; fileRef = B467862D2BE1638E0004B275 /* ContentView.swift */; };
		B46786302BE1638E0004B275 /* ImmersiveView.swift in Sources */ = {isa = PBXBuildFile; fileRef = B467862F2BE1638E0004B275 /* ImmersiveView.swift */; };
		B46786322BE1638F0004B275 /* Assets.xcassets in Resources */ = {isa = PBXBuildFile; fileRef = B46786312BE1638F0004B275 /* Assets.xcassets */; };
		B46786352BE1638F0004B275 /* Preview Assets.xcassets in Resources */ = {isa = PBXBuildFile; fileRef = B46786342BE1638F0004B275 /* Preview Assets.xcassets */; };
		B47AE1EA2C17867B00F981F8 /* RealityKitContent in Frameworks */ = {isa = PBXBuildFile; productRef = B47AE1E92C17867B00F981F8 /* RealityKitContent */; };
		B47AE1EC2C17867B00F981F8 /* Model3DApp.swift in Sources */ = {isa = PBXBuildFile; fileRef = B47AE1EB2C17867B00F981F8 /* Model3DApp.swift */; };
		B47AE1EE2C17867B00F981F8 /* ContentView.swift in Sources */ = {isa = PBXBuildFile; fileRef = B47AE1ED2C17867B00F981F8 /* ContentView.swift */; };
		B47AE1F02C17867B00F981F8 /* ImmersiveView.swift in Sources */ = {isa = PBXBuildFile; fileRef = B47AE1EF2C17867B00F981F8 /* ImmersiveView.swift */; };
		B47AE1F22C17867D00F981F8 /* Assets.xcassets in Resources */ = {isa = PBXBuildFile; fileRef = B47AE1F12C17867D00F981F8 /* Assets.xcassets */; };
		B47AE1F52C17867D00F981F8 /* Preview Assets.xcassets in Resources */ = {isa = PBXBuildFile; fileRef = B47AE1F42C17867D00F981F8 /* Preview Assets.xcassets */; };
		B47AE1FB2C17875600F981F8 /* toy_car.usdz in Resources */ = {isa = PBXBuildFile; fileRef = B47AE1FA2C17875600F981F8 /* toy_car.usdz */; };
		B47AE1FF2C178C8E00F981F8 /* toy_biplane_idle.usdz in Resources */ = {isa = PBXBuildFile; fileRef = B47AE1FE2C178C8E00F981F8 /* toy_biplane_idle.usdz */; };
		B4C1A14F2BCD64C500E8ACB8 /* RealityKitContent in Frameworks */ = {isa = PBXBuildFile; productRef = B4C1A14E2BCD64C500E8ACB8 /* RealityKitContent */; };
		B4C1A1512BCD64C500E8ACB8 /* ProgrammaticModelApp.swift in Sources */ = {isa = PBXBuildFile; fileRef = B4C1A1502BCD64C500E8ACB8 /* ProgrammaticModelApp.swift */; };
		B4C1A1532BCD64C500E8ACB8 /* ContentView.swift in Sources */ = {isa = PBXBuildFile; fileRef = B4C1A1522BCD64C500E8ACB8 /* ContentView.swift */; };
		B4C1A1552BCD64C500E8ACB8 /* ImmersiveView.swift in Sources */ = {isa = PBXBuildFile; fileRef = B4C1A1542BCD64C500E8ACB8 /* ImmersiveView.swift */; };
		B4C1A1572BCD64C600E8ACB8 /* Assets.xcassets in Resources */ = {isa = PBXBuildFile; fileRef = B4C1A1562BCD64C600E8ACB8 /* Assets.xcassets */; };
		B4C1A15A2BCD64C600E8ACB8 /* Preview Assets.xcassets in Resources */ = {isa = PBXBuildFile; fileRef = B4C1A1592BCD64C600E8ACB8 /* Preview Assets.xcassets */; };
		B4D5F22A2BEE78650018C80A /* RealityKitContent in Frameworks */ = {isa = PBXBuildFile; productRef = B4D5F2292BEE78650018C80A /* RealityKitContent */; };
		B4D5F22C2BEE78650018C80A /* TransformsApp.swift in Sources */ = {isa = PBXBuildFile; fileRef = B4D5F22B2BEE78650018C80A /* TransformsApp.swift */; };
		B4D5F22E2BEE78650018C80A /* ContentView.swift in Sources */ = {isa = PBXBuildFile; fileRef = B4D5F22D2BEE78650018C80A /* ContentView.swift */; };
		B4D5F2302BEE78650018C80A /* ImmersiveView.swift in Sources */ = {isa = PBXBuildFile; fileRef = B4D5F22F2BEE78650018C80A /* ImmersiveView.swift */; };
		B4D5F2322BEE78660018C80A /* Assets.xcassets in Resources */ = {isa = PBXBuildFile; fileRef = B4D5F2312BEE78660018C80A /* Assets.xcassets */; };
		B4D5F2352BEE78670018C80A /* Preview Assets.xcassets in Resources */ = {isa = PBXBuildFile; fileRef = B4D5F2342BEE78670018C80A /* Preview Assets.xcassets */; };
		B4F27FFA2C0E4386004C185E /* RealityKitContent in Frameworks */ = {isa = PBXBuildFile; productRef = B4F27FF92C0E4386004C185E /* RealityKitContent */; };
		B4F27FFC2C0E4386004C185E /* WindowGroupsApp.swift in Sources */ = {isa = PBXBuildFile; fileRef = B4F27FFB2C0E4386004C185E /* WindowGroupsApp.swift */; };
		B4F27FFE2C0E4386004C185E /* ContentView.swift in Sources */ = {isa = PBXBuildFile; fileRef = B4F27FFD2C0E4386004C185E /* ContentView.swift */; };
		B4F280022C0E4387004C185E /* Assets.xcassets in Resources */ = {isa = PBXBuildFile; fileRef = B4F280012C0E4387004C185E /* Assets.xcassets */; };
		B4F280052C0E4387004C185E /* Preview Assets.xcassets in Resources */ = {isa = PBXBuildFile; fileRef = B4F280042C0E4387004C185E /* Preview Assets.xcassets */; };
		B4F2800B2C0E4D5E004C185E /* ViewModel.swift in Sources */ = {isa = PBXBuildFile; fileRef = B4F2800A2C0E4D5E004C185E /* ViewModel.swift */; };
		B4F280132C0F969F004C185E /* CallAsFunctionTests.swift in Sources */ = {isa = PBXBuildFile; fileRef = B4F280122C0F969F004C185E /* CallAsFunctionTests.swift */; };
/* End PBXBuildFile section */

/* Begin PBXContainerItemProxy section */
		B4F280142C0F969F004C185E /* PBXContainerItemProxy */ = {
			isa = PBXContainerItemProxy;
			containerPortal = B45868F02BC59FDF00D7DADC /* Project object */;
			proxyType = 1;
			remoteGlobalIDString = B45868F72BC59FDF00D7DADC;
			remoteInfo = VisionProExamples;
		};
/* End PBXContainerItemProxy section */

/* Begin PBXFileReference section */
		B404A9922BC5BEC30050225A /* Entity+Sunlight.swift */ = {isa = PBXFileReference; fileEncoding = 4; lastKnownFileType = sourcecode.swift; path = "Entity+Sunlight.swift"; sourceTree = "<group>"; };
		B404A9942BC5C08A0050225A /* Sunlight.skybox */ = {isa = PBXFileReference; lastKnownFileType = file.skybox; path = Sunlight.skybox; sourceTree = "<group>"; };
		B411BBC72BFFB8BE0001A6E0 /* BillboardComponent.swift */ = {isa = PBXFileReference; fileEncoding = 4; lastKnownFileType = sourcecode.swift; path = BillboardComponent.swift; sourceTree = "<group>"; };
		B411BBC82BFFB8BF0001A6E0 /* BillboardSystem.swift */ = {isa = PBXFileReference; fileEncoding = 4; lastKnownFileType = sourcecode.swift; path = BillboardSystem.swift; sourceTree = "<group>"; };
		B421B9CA2BCDC1F800E89E8E /* ToyCarView.swift */ = {isa = PBXFileReference; lastKnownFileType = sourcecode.swift; path = ToyCarView.swift; sourceTree = "<group>"; };
		B421B9CC2BCDC24800E89E8E /* Entity+Sunlight.swift */ = {isa = PBXFileReference; lastKnownFileType = sourcecode.swift; path = "Entity+Sunlight.swift"; sourceTree = "<group>"; };
		B421B9CF2BCDC40800E89E8E /* toy_car.usdz */ = {isa = PBXFileReference; lastKnownFileType = file.usdz; path = toy_car.usdz; sourceTree = "<group>"; };
		B421B9D12BCDC40D00E89E8E /* Sunlight.skybox */ = {isa = PBXFileReference; lastKnownFileType = file.skybox; path = Sunlight.skybox; sourceTree = "<group>"; };
		B421B9D42BCDD35300E89E8E /* YawModifier.swift */ = {isa = PBXFileReference; lastKnownFileType = sourcecode.swift; path = YawModifier.swift; sourceTree = "<group>"; };
		B421B9D62BCEB2D300E89E8E /* PitchAndYawModifier.swift */ = {isa = PBXFileReference; lastKnownFileType = sourcecode.swift; path = PitchAndYawModifier.swift; sourceTree = "<group>"; };
		B426BB622BFF9BCD00281EA0 /* Attachments.app */ = {isa = PBXFileReference; explicitFileType = wrapper.application; includeInIndex = 0; path = Attachments.app; sourceTree = BUILT_PRODUCTS_DIR; };
		B426BB662BFF9BCD00281EA0 /* AttachmentsApp.swift */ = {isa = PBXFileReference; lastKnownFileType = sourcecode.swift; path = AttachmentsApp.swift; sourceTree = "<group>"; };
		B426BB682BFF9BCD00281EA0 /* ContentView.swift */ = {isa = PBXFileReference; lastKnownFileType = sourcecode.swift; path = ContentView.swift; sourceTree = "<group>"; };
		B426BB6A2BFF9BCD00281EA0 /* ImmersiveView.swift */ = {isa = PBXFileReference; lastKnownFileType = sourcecode.swift; path = ImmersiveView.swift; sourceTree = "<group>"; };
		B426BB6C2BFF9BCF00281EA0 /* Assets.xcassets */ = {isa = PBXFileReference; lastKnownFileType = folder.assetcatalog; path = Assets.xcassets; sourceTree = "<group>"; };
		B426BB6F2BFF9BCF00281EA0 /* Preview Assets.xcassets */ = {isa = PBXFileReference; lastKnownFileType = folder.assetcatalog; path = "Preview Assets.xcassets"; sourceTree = "<group>"; };
		B426BB712BFF9BCF00281EA0 /* Info.plist */ = {isa = PBXFileReference; lastKnownFileType = text.plist.xml; path = Info.plist; sourceTree = "<group>"; };
		B43B13892BD158F10018C15B /* RotatingCubes.app */ = {isa = PBXFileReference; explicitFileType = wrapper.application; includeInIndex = 0; path = RotatingCubes.app; sourceTree = BUILT_PRODUCTS_DIR; };
		B43B138D2BD158F10018C15B /* RotatingCubesApp.swift */ = {isa = PBXFileReference; lastKnownFileType = sourcecode.swift; path = RotatingCubesApp.swift; sourceTree = "<group>"; };
		B43B138F2BD158F10018C15B /* ContentView.swift */ = {isa = PBXFileReference; lastKnownFileType = sourcecode.swift; path = ContentView.swift; sourceTree = "<group>"; };
		B43B13912BD158F10018C15B /* ImmersiveView.swift */ = {isa = PBXFileReference; lastKnownFileType = sourcecode.swift; path = ImmersiveView.swift; sourceTree = "<group>"; };
		B43B13932BD158F30018C15B /* Assets.xcassets */ = {isa = PBXFileReference; lastKnownFileType = folder.assetcatalog; path = Assets.xcassets; sourceTree = "<group>"; };
		B43B13962BD158F30018C15B /* Preview Assets.xcassets */ = {isa = PBXFileReference; lastKnownFileType = folder.assetcatalog; path = "Preview Assets.xcassets"; sourceTree = "<group>"; };
		B43B13982BD158F30018C15B /* Info.plist */ = {isa = PBXFileReference; lastKnownFileType = text.plist.xml; path = Info.plist; sourceTree = "<group>"; };
		B45868F82BC59FDF00D7DADC /* VisionProExamples.app */ = {isa = PBXFileReference; explicitFileType = wrapper.application; includeInIndex = 0; path = VisionProExamples.app; sourceTree = BUILT_PRODUCTS_DIR; };
		B45868FC2BC59FDF00D7DADC /* RealityKitContent */ = {isa = PBXFileReference; lastKnownFileType = wrapper; path = RealityKitContent; sourceTree = "<group>"; };
		B45868FF2BC59FDF00D7DADC /* VisionProExamplesApp.swift */ = {isa = PBXFileReference; lastKnownFileType = sourcecode.swift; path = VisionProExamplesApp.swift; sourceTree = "<group>"; };
		B45869012BC59FDF00D7DADC /* ContentView.swift */ = {isa = PBXFileReference; lastKnownFileType = sourcecode.swift; path = ContentView.swift; sourceTree = "<group>"; };
		B45869032BC59FDF00D7DADC /* ImmersiveView.swift */ = {isa = PBXFileReference; lastKnownFileType = sourcecode.swift; path = ImmersiveView.swift; sourceTree = "<group>"; };
		B45869052BC59FEB00D7DADC /* Assets.xcassets */ = {isa = PBXFileReference; lastKnownFileType = folder.assetcatalog; path = Assets.xcassets; sourceTree = "<group>"; };
		B45869082BC59FEB00D7DADC /* Preview Assets.xcassets */ = {isa = PBXFileReference; lastKnownFileType = folder.assetcatalog; path = "Preview Assets.xcassets"; sourceTree = "<group>"; };
		B458690A2BC59FEB00D7DADC /* Info.plist */ = {isa = PBXFileReference; lastKnownFileType = text.plist.xml; path = Info.plist; sourceTree = "<group>"; };
		B45869142BC5A28E00D7DADC /* LoadingAModel.app */ = {isa = PBXFileReference; explicitFileType = wrapper.application; includeInIndex = 0; path = LoadingAModel.app; sourceTree = BUILT_PRODUCTS_DIR; };
		B45869182BC5A28E00D7DADC /* LoadingAModelApp.swift */ = {isa = PBXFileReference; lastKnownFileType = sourcecode.swift; path = LoadingAModelApp.swift; sourceTree = "<group>"; };
		B458691A2BC5A28E00D7DADC /* ContentView.swift */ = {isa = PBXFileReference; lastKnownFileType = sourcecode.swift; path = ContentView.swift; sourceTree = "<group>"; };
		B458691C2BC5A28E00D7DADC /* ToyCarView.swift */ = {isa = PBXFileReference; lastKnownFileType = sourcecode.swift; path = ToyCarView.swift; sourceTree = "<group>"; };
		B458691E2BC5A29000D7DADC /* Assets.xcassets */ = {isa = PBXFileReference; lastKnownFileType = folder.assetcatalog; path = Assets.xcassets; sourceTree = "<group>"; };
		B45869212BC5A29000D7DADC /* Preview Assets.xcassets */ = {isa = PBXFileReference; lastKnownFileType = folder.assetcatalog; path = "Preview Assets.xcassets"; sourceTree = "<group>"; };
		B45869232BC5A29000D7DADC /* Info.plist */ = {isa = PBXFileReference; lastKnownFileType = text.plist.xml; path = Info.plist; sourceTree = "<group>"; };
		B45869272BC5A5E400D7DADC /* toy_car.usdz */ = {isa = PBXFileReference; lastKnownFileType = file.usdz; path = toy_car.usdz; sourceTree = "<group>"; };
		B46786272BE1638D0004B275 /* SpinningCube.app */ = {isa = PBXFileReference; explicitFileType = wrapper.application; includeInIndex = 0; path = SpinningCube.app; sourceTree = BUILT_PRODUCTS_DIR; };
		B467862B2BE1638E0004B275 /* SpinningCubeApp.swift */ = {isa = PBXFileReference; lastKnownFileType = sourcecode.swift; path = SpinningCubeApp.swift; sourceTree = "<group>"; };
		B467862D2BE1638E0004B275 /* ContentView.swift */ = {isa = PBXFileReference; lastKnownFileType = sourcecode.swift; path = ContentView.swift; sourceTree = "<group>"; };
		B467862F2BE1638E0004B275 /* ImmersiveView.swift */ = {isa = PBXFileReference; lastKnownFileType = sourcecode.swift; path = ImmersiveView.swift; sourceTree = "<group>"; };
		B46786312BE1638F0004B275 /* Assets.xcassets */ = {isa = PBXFileReference; lastKnownFileType = folder.assetcatalog; path = Assets.xcassets; sourceTree = "<group>"; };
		B46786342BE1638F0004B275 /* Preview Assets.xcassets */ = {isa = PBXFileReference; lastKnownFileType = folder.assetcatalog; path = "Preview Assets.xcassets"; sourceTree = "<group>"; };
		B46786362BE1638F0004B275 /* Info.plist */ = {isa = PBXFileReference; lastKnownFileType = text.plist.xml; path = Info.plist; sourceTree = "<group>"; };
		B47AE1E72C17867B00F981F8 /* Model3D.app */ = {isa = PBXFileReference; explicitFileType = wrapper.application; includeInIndex = 0; path = Model3D.app; sourceTree = BUILT_PRODUCTS_DIR; };
		B47AE1EB2C17867B00F981F8 /* Model3DApp.swift */ = {isa = PBXFileReference; lastKnownFileType = sourcecode.swift; path = Model3DApp.swift; sourceTree = "<group>"; };
		B47AE1ED2C17867B00F981F8 /* ContentView.swift */ = {isa = PBXFileReference; lastKnownFileType = sourcecode.swift; path = ContentView.swift; sourceTree = "<group>"; };
		B47AE1EF2C17867B00F981F8 /* ImmersiveView.swift */ = {isa = PBXFileReference; lastKnownFileType = sourcecode.swift; path = ImmersiveView.swift; sourceTree = "<group>"; };
		B47AE1F12C17867D00F981F8 /* Assets.xcassets */ = {isa = PBXFileReference; lastKnownFileType = folder.assetcatalog; path = Assets.xcassets; sourceTree = "<group>"; };
		B47AE1F42C17867D00F981F8 /* Preview Assets.xcassets */ = {isa = PBXFileReference; lastKnownFileType = folder.assetcatalog; path = "Preview Assets.xcassets"; sourceTree = "<group>"; };
		B47AE1F62C17867D00F981F8 /* Info.plist */ = {isa = PBXFileReference; lastKnownFileType = text.plist.xml; path = Info.plist; sourceTree = "<group>"; };
		B47AE1FA2C17875600F981F8 /* toy_car.usdz */ = {isa = PBXFileReference; lastKnownFileType = file.usdz; name = toy_car.usdz; path = LoadingAModel/toy_car.usdz; sourceTree = SOURCE_ROOT; };
		B47AE1FE2C178C8E00F981F8 /* toy_biplane_idle.usdz */ = {isa = PBXFileReference; lastKnownFileType = file.usdz; path = toy_biplane_idle.usdz; sourceTree = "<group>"; };
		B4C1A14C2BCD64C500E8ACB8 /* ProgrammaticModel.app */ = {isa = PBXFileReference; explicitFileType = wrapper.application; includeInIndex = 0; path = ProgrammaticModel.app; sourceTree = BUILT_PRODUCTS_DIR; };
		B4C1A1502BCD64C500E8ACB8 /* ProgrammaticModelApp.swift */ = {isa = PBXFileReference; lastKnownFileType = sourcecode.swift; path = ProgrammaticModelApp.swift; sourceTree = "<group>"; };
		B4C1A1522BCD64C500E8ACB8 /* ContentView.swift */ = {isa = PBXFileReference; lastKnownFileType = sourcecode.swift; path = ContentView.swift; sourceTree = "<group>"; };
		B4C1A1542BCD64C500E8ACB8 /* ImmersiveView.swift */ = {isa = PBXFileReference; lastKnownFileType = sourcecode.swift; path = ImmersiveView.swift; sourceTree = "<group>"; };
		B4C1A1562BCD64C600E8ACB8 /* Assets.xcassets */ = {isa = PBXFileReference; lastKnownFileType = folder.assetcatalog; path = Assets.xcassets; sourceTree = "<group>"; };
		B4C1A1592BCD64C600E8ACB8 /* Preview Assets.xcassets */ = {isa = PBXFileReference; lastKnownFileType = folder.assetcatalog; path = "Preview Assets.xcassets"; sourceTree = "<group>"; };
		B4C1A15B2BCD64C600E8ACB8 /* Info.plist */ = {isa = PBXFileReference; lastKnownFileType = text.plist.xml; path = Info.plist; sourceTree = "<group>"; };
		B4D5F2272BEE78650018C80A /* Transforms.app */ = {isa = PBXFileReference; explicitFileType = wrapper.application; includeInIndex = 0; path = Transforms.app; sourceTree = BUILT_PRODUCTS_DIR; };
		B4D5F22B2BEE78650018C80A /* TransformsApp.swift */ = {isa = PBXFileReference; lastKnownFileType = sourcecode.swift; path = TransformsApp.swift; sourceTree = "<group>"; };
		B4D5F22D2BEE78650018C80A /* ContentView.swift */ = {isa = PBXFileReference; lastKnownFileType = sourcecode.swift; path = ContentView.swift; sourceTree = "<group>"; };
		B4D5F22F2BEE78650018C80A /* ImmersiveView.swift */ = {isa = PBXFileReference; lastKnownFileType = sourcecode.swift; path = ImmersiveView.swift; sourceTree = "<group>"; };
		B4D5F2312BEE78660018C80A /* Assets.xcassets */ = {isa = PBXFileReference; lastKnownFileType = folder.assetcatalog; path = Assets.xcassets; sourceTree = "<group>"; };
		B4D5F2342BEE78670018C80A /* Preview Assets.xcassets */ = {isa = PBXFileReference; lastKnownFileType = folder.assetcatalog; path = "Preview Assets.xcassets"; sourceTree = "<group>"; };
		B4D5F2362BEE78670018C80A /* Info.plist */ = {isa = PBXFileReference; lastKnownFileType = text.plist.xml; path = Info.plist; sourceTree = "<group>"; };
		B4F27FF72C0E4386004C185E /* WindowGroups.app */ = {isa = PBXFileReference; explicitFileType = wrapper.application; includeInIndex = 0; path = WindowGroups.app; sourceTree = BUILT_PRODUCTS_DIR; };
		B4F27FFB2C0E4386004C185E /* WindowGroupsApp.swift */ = {isa = PBXFileReference; lastKnownFileType = sourcecode.swift; path = WindowGroupsApp.swift; sourceTree = "<group>"; };
		B4F27FFD2C0E4386004C185E /* ContentView.swift */ = {isa = PBXFileReference; lastKnownFileType = sourcecode.swift; path = ContentView.swift; sourceTree = "<group>"; };
		B4F280012C0E4387004C185E /* Assets.xcassets */ = {isa = PBXFileReference; lastKnownFileType = folder.assetcatalog; path = Assets.xcassets; sourceTree = "<group>"; };
		B4F280042C0E4387004C185E /* Preview Assets.xcassets */ = {isa = PBXFileReference; lastKnownFileType = folder.assetcatalog; path = "Preview Assets.xcassets"; sourceTree = "<group>"; };
		B4F280062C0E4387004C185E /* Info.plist */ = {isa = PBXFileReference; lastKnownFileType = text.plist.xml; path = Info.plist; sourceTree = "<group>"; };
		B4F2800A2C0E4D5E004C185E /* ViewModel.swift */ = {isa = PBXFileReference; lastKnownFileType = sourcecode.swift; path = ViewModel.swift; sourceTree = "<group>"; };
		B4F280102C0F969F004C185E /* UnitTests.xctest */ = {isa = PBXFileReference; explicitFileType = wrapper.cfbundle; includeInIndex = 0; path = UnitTests.xctest; sourceTree = BUILT_PRODUCTS_DIR; };
		B4F280122C0F969F004C185E /* CallAsFunctionTests.swift */ = {isa = PBXFileReference; lastKnownFileType = sourcecode.swift; path = CallAsFunctionTests.swift; sourceTree = "<group>"; };
/* End PBXFileReference section */

/* Begin PBXFrameworksBuildPhase section */
		B426BB5F2BFF9BCD00281EA0 /* Frameworks */ = {
			isa = PBXFrameworksBuildPhase;
			buildActionMask = 2147483647;
			files = (
				B426BB652BFF9BCD00281EA0 /* RealityKitContent in Frameworks */,
			);
			runOnlyForDeploymentPostprocessing = 0;
		};
		B43B13862BD158F10018C15B /* Frameworks */ = {
			isa = PBXFrameworksBuildPhase;
			buildActionMask = 2147483647;
			files = (
				B43B138C2BD158F10018C15B /* RealityKitContent in Frameworks */,
			);
			runOnlyForDeploymentPostprocessing = 0;
		};
		B45868F52BC59FDF00D7DADC /* Frameworks */ = {
			isa = PBXFrameworksBuildPhase;
			buildActionMask = 2147483647;
			files = (
				B45868FE2BC59FDF00D7DADC /* RealityKitContent in Frameworks */,
			);
			runOnlyForDeploymentPostprocessing = 0;
		};
		B45869112BC5A28E00D7DADC /* Frameworks */ = {
			isa = PBXFrameworksBuildPhase;
			buildActionMask = 2147483647;
			files = (
				B45869172BC5A28E00D7DADC /* RealityKitContent in Frameworks */,
			);
			runOnlyForDeploymentPostprocessing = 0;
		};
		B46786242BE1638D0004B275 /* Frameworks */ = {
			isa = PBXFrameworksBuildPhase;
			buildActionMask = 2147483647;
			files = (
				B467862A2BE1638E0004B275 /* RealityKitContent in Frameworks */,
			);
			runOnlyForDeploymentPostprocessing = 0;
		};
		B47AE1E42C17867B00F981F8 /* Frameworks */ = {
			isa = PBXFrameworksBuildPhase;
			buildActionMask = 2147483647;
			files = (
				B47AE1EA2C17867B00F981F8 /* RealityKitContent in Frameworks */,
			);
			runOnlyForDeploymentPostprocessing = 0;
		};
		B4C1A1492BCD64C500E8ACB8 /* Frameworks */ = {
			isa = PBXFrameworksBuildPhase;
			buildActionMask = 2147483647;
			files = (
				B4C1A14F2BCD64C500E8ACB8 /* RealityKitContent in Frameworks */,
			);
			runOnlyForDeploymentPostprocessing = 0;
		};
		B4D5F2242BEE78650018C80A /* Frameworks */ = {
			isa = PBXFrameworksBuildPhase;
			buildActionMask = 2147483647;
			files = (
				B4D5F22A2BEE78650018C80A /* RealityKitContent in Frameworks */,
			);
			runOnlyForDeploymentPostprocessing = 0;
		};
		B4F27FF42C0E4386004C185E /* Frameworks */ = {
			isa = PBXFrameworksBuildPhase;
			buildActionMask = 2147483647;
			files = (
				B4F27FFA2C0E4386004C185E /* RealityKitContent in Frameworks */,
			);
			runOnlyForDeploymentPostprocessing = 0;
		};
		B4F2800D2C0F969F004C185E /* Frameworks */ = {
			isa = PBXFrameworksBuildPhase;
			buildActionMask = 2147483647;
			files = (
			);
			runOnlyForDeploymentPostprocessing = 0;
		};
/* End PBXFrameworksBuildPhase section */

/* Begin PBXGroup section */
		B404A98F2BC5BBFF0050225A /* Resources */ = {
			isa = PBXGroup;
			children = (
				B404A9942BC5C08A0050225A /* Sunlight.skybox */,
			);
			path = Resources;
			sourceTree = "<group>";
		};
		B421B9D02BCDC40D00E89E8E /* Resources */ = {
			isa = PBXGroup;
			children = (
				B421B9D12BCDC40D00E89E8E /* Sunlight.skybox */,
			);
			path = Resources;
			sourceTree = "<group>";
		};
		B426BB632BFF9BCD00281EA0 /* Attachments */ = {
			isa = PBXGroup;
			children = (
				B426BB662BFF9BCD00281EA0 /* AttachmentsApp.swift */,
				B426BB682BFF9BCD00281EA0 /* ContentView.swift */,
				B426BB6A2BFF9BCD00281EA0 /* ImmersiveView.swift */,
				B411BBC72BFFB8BE0001A6E0 /* BillboardComponent.swift */,
				B411BBC82BFFB8BF0001A6E0 /* BillboardSystem.swift */,
				B426BB6C2BFF9BCF00281EA0 /* Assets.xcassets */,
				B426BB712BFF9BCF00281EA0 /* Info.plist */,
				B426BB6E2BFF9BCF00281EA0 /* Preview Content */,
			);
			path = Attachments;
			sourceTree = "<group>";
		};
		B426BB6E2BFF9BCF00281EA0 /* Preview Content */ = {
			isa = PBXGroup;
			children = (
				B426BB6F2BFF9BCF00281EA0 /* Preview Assets.xcassets */,
			);
			path = "Preview Content";
			sourceTree = "<group>";
		};
		B43B138A2BD158F10018C15B /* RotatingCubes */ = {
			isa = PBXGroup;
			children = (
				B43B138D2BD158F10018C15B /* RotatingCubesApp.swift */,
				B43B138F2BD158F10018C15B /* ContentView.swift */,
				B43B13912BD158F10018C15B /* ImmersiveView.swift */,
				B43B13932BD158F30018C15B /* Assets.xcassets */,
				B43B13982BD158F30018C15B /* Info.plist */,
				B43B13952BD158F30018C15B /* Preview Content */,
			);
			path = RotatingCubes;
			sourceTree = "<group>";
		};
		B43B13952BD158F30018C15B /* Preview Content */ = {
			isa = PBXGroup;
			children = (
				B43B13962BD158F30018C15B /* Preview Assets.xcassets */,
			);
			path = "Preview Content";
			sourceTree = "<group>";
		};
		B45868EF2BC59FDF00D7DADC = {
			isa = PBXGroup;
			children = (
				B45868FA2BC59FDF00D7DADC /* VisionProExamples */,
				B45868FB2BC59FDF00D7DADC /* Packages */,
				B45869152BC5A28E00D7DADC /* LoadingAModel */,
				B4C1A14D2BCD64C500E8ACB8 /* ProgrammaticModel */,
				B43B138A2BD158F10018C15B /* RotatingCubes */,
				B46786282BE1638D0004B275 /* SpinningCube */,
				B4D5F2282BEE78650018C80A /* Transforms */,
				B426BB632BFF9BCD00281EA0 /* Attachments */,
				B4F27FF82C0E4386004C185E /* WindowGroups */,
				B47AE1E82C17867B00F981F8 /* Model3D */,
				B4F280112C0F969F004C185E /* UnitTests */,
				B45868F92BC59FDF00D7DADC /* Products */,
			);
			sourceTree = "<group>";
		};
		B45868F92BC59FDF00D7DADC /* Products */ = {
			isa = PBXGroup;
			children = (
				B45868F82BC59FDF00D7DADC /* VisionProExamples.app */,
				B45869142BC5A28E00D7DADC /* LoadingAModel.app */,
				B4C1A14C2BCD64C500E8ACB8 /* ProgrammaticModel.app */,
				B43B13892BD158F10018C15B /* RotatingCubes.app */,
				B46786272BE1638D0004B275 /* SpinningCube.app */,
				B4D5F2272BEE78650018C80A /* Transforms.app */,
				B426BB622BFF9BCD00281EA0 /* Attachments.app */,
				B4F27FF72C0E4386004C185E /* WindowGroups.app */,
				B4F280102C0F969F004C185E /* UnitTests.xctest */,
				B47AE1E72C17867B00F981F8 /* Model3D.app */,
			);
			name = Products;
			sourceTree = "<group>";
		};
		B45868FA2BC59FDF00D7DADC /* VisionProExamples */ = {
			isa = PBXGroup;
			children = (
				B45868FF2BC59FDF00D7DADC /* VisionProExamplesApp.swift */,
				B45869012BC59FDF00D7DADC /* ContentView.swift */,
				B45869032BC59FDF00D7DADC /* ImmersiveView.swift */,
				B45869052BC59FEB00D7DADC /* Assets.xcassets */,
				B458690A2BC59FEB00D7DADC /* Info.plist */,
				B45869072BC59FEB00D7DADC /* Preview Content */,
			);
			path = VisionProExamples;
			sourceTree = "<group>";
		};
		B45868FB2BC59FDF00D7DADC /* Packages */ = {
			isa = PBXGroup;
			children = (
				B45868FC2BC59FDF00D7DADC /* RealityKitContent */,
			);
			path = Packages;
			sourceTree = "<group>";
		};
		B45869072BC59FEB00D7DADC /* Preview Content */ = {
			isa = PBXGroup;
			children = (
				B45869082BC59FEB00D7DADC /* Preview Assets.xcassets */,
			);
			path = "Preview Content";
			sourceTree = "<group>";
		};
		B45869152BC5A28E00D7DADC /* LoadingAModel */ = {
			isa = PBXGroup;
			children = (
				B404A98F2BC5BBFF0050225A /* Resources */,
				B45869272BC5A5E400D7DADC /* toy_car.usdz */,
				B45869182BC5A28E00D7DADC /* LoadingAModelApp.swift */,
				B458691A2BC5A28E00D7DADC /* ContentView.swift */,
				B458691C2BC5A28E00D7DADC /* ToyCarView.swift */,
				B404A9922BC5BEC30050225A /* Entity+Sunlight.swift */,
				B458691E2BC5A29000D7DADC /* Assets.xcassets */,
				B45869232BC5A29000D7DADC /* Info.plist */,
				B45869202BC5A29000D7DADC /* Preview Content */,
			);
			path = LoadingAModel;
			sourceTree = "<group>";
		};
		B45869202BC5A29000D7DADC /* Preview Content */ = {
			isa = PBXGroup;
			children = (
				B45869212BC5A29000D7DADC /* Preview Assets.xcassets */,
			);
			path = "Preview Content";
			sourceTree = "<group>";
		};
		B46786282BE1638D0004B275 /* SpinningCube */ = {
			isa = PBXGroup;
			children = (
				B467862B2BE1638E0004B275 /* SpinningCubeApp.swift */,
				B467862D2BE1638E0004B275 /* ContentView.swift */,
				B467862F2BE1638E0004B275 /* ImmersiveView.swift */,
				B46786312BE1638F0004B275 /* Assets.xcassets */,
				B46786362BE1638F0004B275 /* Info.plist */,
				B46786332BE1638F0004B275 /* Preview Content */,
			);
			path = SpinningCube;
			sourceTree = "<group>";
		};
		B46786332BE1638F0004B275 /* Preview Content */ = {
			isa = PBXGroup;
			children = (
				B46786342BE1638F0004B275 /* Preview Assets.xcassets */,
			);
			path = "Preview Content";
			sourceTree = "<group>";
		};
		B47AE1E82C17867B00F981F8 /* Model3D */ = {
			isa = PBXGroup;
			children = (
				B47AE1FA2C17875600F981F8 /* toy_car.usdz */,
				B47AE1FE2C178C8E00F981F8 /* toy_biplane_idle.usdz */,
				B47AE1EB2C17867B00F981F8 /* Model3DApp.swift */,
				B47AE1ED2C17867B00F981F8 /* ContentView.swift */,
				B47AE1EF2C17867B00F981F8 /* ImmersiveView.swift */,
				B47AE1F12C17867D00F981F8 /* Assets.xcassets */,
				B47AE1F62C17867D00F981F8 /* Info.plist */,
				B47AE1F32C17867D00F981F8 /* Preview Content */,
			);
			path = Model3D;
			sourceTree = "<group>";
		};
		B47AE1F32C17867D00F981F8 /* Preview Content */ = {
			isa = PBXGroup;
			children = (
				B47AE1F42C17867D00F981F8 /* Preview Assets.xcassets */,
			);
			path = "Preview Content";
			sourceTree = "<group>";
		};
		B4C1A14D2BCD64C500E8ACB8 /* ProgrammaticModel */ = {
			isa = PBXGroup;
			children = (
				B421B9D02BCDC40D00E89E8E /* Resources */,
				B421B9CF2BCDC40800E89E8E /* toy_car.usdz */,
				B4C1A1502BCD64C500E8ACB8 /* ProgrammaticModelApp.swift */,
				B4C1A1522BCD64C500E8ACB8 /* ContentView.swift */,
				B421B9CA2BCDC1F800E89E8E /* ToyCarView.swift */,
				B421B9D42BCDD35300E89E8E /* YawModifier.swift */,
				B421B9D62BCEB2D300E89E8E /* PitchAndYawModifier.swift */,
				B4C1A1542BCD64C500E8ACB8 /* ImmersiveView.swift */,
				B421B9CC2BCDC24800E89E8E /* Entity+Sunlight.swift */,
				B4C1A1562BCD64C600E8ACB8 /* Assets.xcassets */,
				B4C1A15B2BCD64C600E8ACB8 /* Info.plist */,
				B4C1A1582BCD64C600E8ACB8 /* Preview Content */,
			);
			path = ProgrammaticModel;
			sourceTree = "<group>";
		};
		B4C1A1582BCD64C600E8ACB8 /* Preview Content */ = {
			isa = PBXGroup;
			children = (
				B4C1A1592BCD64C600E8ACB8 /* Preview Assets.xcassets */,
			);
			path = "Preview Content";
			sourceTree = "<group>";
		};
		B4D5F2282BEE78650018C80A /* Transforms */ = {
			isa = PBXGroup;
			children = (
				B4D5F22B2BEE78650018C80A /* TransformsApp.swift */,
				B4D5F22D2BEE78650018C80A /* ContentView.swift */,
				B4D5F22F2BEE78650018C80A /* ImmersiveView.swift */,
				B4D5F2312BEE78660018C80A /* Assets.xcassets */,
				B4D5F2362BEE78670018C80A /* Info.plist */,
				B4D5F2332BEE78670018C80A /* Preview Content */,
			);
			path = Transforms;
			sourceTree = "<group>";
		};
		B4D5F2332BEE78670018C80A /* Preview Content */ = {
			isa = PBXGroup;
			children = (
				B4D5F2342BEE78670018C80A /* Preview Assets.xcassets */,
			);
			path = "Preview Content";
			sourceTree = "<group>";
		};
		B4F27FF82C0E4386004C185E /* WindowGroups */ = {
			isa = PBXGroup;
			children = (
				B4F27FFB2C0E4386004C185E /* WindowGroupsApp.swift */,
				B4F2800A2C0E4D5E004C185E /* ViewModel.swift */,
				B4F27FFD2C0E4386004C185E /* ContentView.swift */,
				B4F280012C0E4387004C185E /* Assets.xcassets */,
				B4F280062C0E4387004C185E /* Info.plist */,
				B4F280032C0E4387004C185E /* Preview Content */,
			);
			path = WindowGroups;
			sourceTree = "<group>";
		};
		B4F280032C0E4387004C185E /* Preview Content */ = {
			isa = PBXGroup;
			children = (
				B4F280042C0E4387004C185E /* Preview Assets.xcassets */,
			);
			path = "Preview Content";
			sourceTree = "<group>";
		};
		B4F280112C0F969F004C185E /* UnitTests */ = {
			isa = PBXGroup;
			children = (
				B4F280122C0F969F004C185E /* CallAsFunctionTests.swift */,
			);
			path = UnitTests;
			sourceTree = "<group>";
		};
/* End PBXGroup section */

/* Begin PBXNativeTarget section */
		B426BB612BFF9BCD00281EA0 /* Attachments */ = {
			isa = PBXNativeTarget;
			buildConfigurationList = B426BB742BFF9BCF00281EA0 /* Build configuration list for PBXNativeTarget "Attachments" */;
			buildPhases = (
				B426BB5E2BFF9BCD00281EA0 /* Sources */,
				B426BB5F2BFF9BCD00281EA0 /* Frameworks */,
				B426BB602BFF9BCD00281EA0 /* Resources */,
			);
			buildRules = (
			);
			dependencies = (
			);
			name = Attachments;
			packageProductDependencies = (
				B426BB642BFF9BCD00281EA0 /* RealityKitContent */,
			);
			productName = Attachments;
			productReference = B426BB622BFF9BCD00281EA0 /* Attachments.app */;
			productType = "com.apple.product-type.application";
		};
		B43B13882BD158F10018C15B /* RotatingCubes */ = {
			isa = PBXNativeTarget;
			buildConfigurationList = B43B139B2BD158F30018C15B /* Build configuration list for PBXNativeTarget "RotatingCubes" */;
			buildPhases = (
				B43B13852BD158F10018C15B /* Sources */,
				B43B13862BD158F10018C15B /* Frameworks */,
				B43B13872BD158F10018C15B /* Resources */,
			);
			buildRules = (
			);
			dependencies = (
			);
			name = RotatingCubes;
			packageProductDependencies = (
				B43B138B2BD158F10018C15B /* RealityKitContent */,
			);
			productName = RotatingCubes;
			productReference = B43B13892BD158F10018C15B /* RotatingCubes.app */;
			productType = "com.apple.product-type.application";
		};
		B45868F72BC59FDF00D7DADC /* VisionProExamples */ = {
			isa = PBXNativeTarget;
			buildConfigurationList = B458690D2BC59FEB00D7DADC /* Build configuration list for PBXNativeTarget "VisionProExamples" */;
			buildPhases = (
				B45868F42BC59FDF00D7DADC /* Sources */,
				B45868F52BC59FDF00D7DADC /* Frameworks */,
				B45868F62BC59FDF00D7DADC /* Resources */,
			);
			buildRules = (
			);
			dependencies = (
			);
			name = VisionProExamples;
			packageProductDependencies = (
				B45868FD2BC59FDF00D7DADC /* RealityKitContent */,
			);
			productName = VisionProExamples;
			productReference = B45868F82BC59FDF00D7DADC /* VisionProExamples.app */;
			productType = "com.apple.product-type.application";
		};
		B45869132BC5A28E00D7DADC /* LoadingAModel */ = {
			isa = PBXNativeTarget;
			buildConfigurationList = B45869242BC5A29000D7DADC /* Build configuration list for PBXNativeTarget "LoadingAModel" */;
			buildPhases = (
				B45869102BC5A28E00D7DADC /* Sources */,
				B45869112BC5A28E00D7DADC /* Frameworks */,
				B45869122BC5A28E00D7DADC /* Resources */,
			);
			buildRules = (
			);
			dependencies = (
			);
			name = LoadingAModel;
			packageProductDependencies = (
				B45869162BC5A28E00D7DADC /* RealityKitContent */,
			);
			productName = LoadingAModel;
			productReference = B45869142BC5A28E00D7DADC /* LoadingAModel.app */;
			productType = "com.apple.product-type.application";
		};
		B46786262BE1638D0004B275 /* SpinningCube */ = {
			isa = PBXNativeTarget;
			buildConfigurationList = B46786392BE1638F0004B275 /* Build configuration list for PBXNativeTarget "SpinningCube" */;
			buildPhases = (
				B46786232BE1638D0004B275 /* Sources */,
				B46786242BE1638D0004B275 /* Frameworks */,
				B46786252BE1638D0004B275 /* Resources */,
			);
			buildRules = (
			);
			dependencies = (
			);
			name = SpinningCube;
			packageProductDependencies = (
				B46786292BE1638E0004B275 /* RealityKitContent */,
			);
			productName = SpinningCube;
			productReference = B46786272BE1638D0004B275 /* SpinningCube.app */;
			productType = "com.apple.product-type.application";
		};
		B47AE1E62C17867B00F981F8 /* Model3D */ = {
			isa = PBXNativeTarget;
			buildConfigurationList = B47AE1F92C17867D00F981F8 /* Build configuration list for PBXNativeTarget "Model3D" */;
			buildPhases = (
				B47AE1E32C17867B00F981F8 /* Sources */,
				B47AE1E42C17867B00F981F8 /* Frameworks */,
				B47AE1E52C17867B00F981F8 /* Resources */,
			);
			buildRules = (
			);
			dependencies = (
			);
			name = Model3D;
			packageProductDependencies = (
				B47AE1E92C17867B00F981F8 /* RealityKitContent */,
			);
			productName = Model3D;
			productReference = B47AE1E72C17867B00F981F8 /* Model3D.app */;
			productType = "com.apple.product-type.application";
		};
		B4C1A14B2BCD64C500E8ACB8 /* ProgrammaticModel */ = {
			isa = PBXNativeTarget;
			buildConfigurationList = B4C1A15E2BCD64C600E8ACB8 /* Build configuration list for PBXNativeTarget "ProgrammaticModel" */;
			buildPhases = (
				B4C1A1482BCD64C500E8ACB8 /* Sources */,
				B4C1A1492BCD64C500E8ACB8 /* Frameworks */,
				B4C1A14A2BCD64C500E8ACB8 /* Resources */,
			);
			buildRules = (
			);
			dependencies = (
			);
			name = ProgrammaticModel;
			packageProductDependencies = (
				B4C1A14E2BCD64C500E8ACB8 /* RealityKitContent */,
			);
			productName = ProgrammaticModel;
			productReference = B4C1A14C2BCD64C500E8ACB8 /* ProgrammaticModel.app */;
			productType = "com.apple.product-type.application";
		};
		B4D5F2262BEE78650018C80A /* Transforms */ = {
			isa = PBXNativeTarget;
			buildConfigurationList = B4D5F2392BEE78670018C80A /* Build configuration list for PBXNativeTarget "Transforms" */;
			buildPhases = (
				B4D5F2232BEE78650018C80A /* Sources */,
				B4D5F2242BEE78650018C80A /* Frameworks */,
				B4D5F2252BEE78650018C80A /* Resources */,
			);
			buildRules = (
			);
			dependencies = (
			);
			name = Transforms;
			packageProductDependencies = (
				B4D5F2292BEE78650018C80A /* RealityKitContent */,
			);
			productName = Transforms;
			productReference = B4D5F2272BEE78650018C80A /* Transforms.app */;
			productType = "com.apple.product-type.application";
		};
		B4F27FF62C0E4386004C185E /* WindowGroups */ = {
			isa = PBXNativeTarget;
			buildConfigurationList = B4F280092C0E4387004C185E /* Build configuration list for PBXNativeTarget "WindowGroups" */;
			buildPhases = (
				B4F27FF32C0E4386004C185E /* Sources */,
				B4F27FF42C0E4386004C185E /* Frameworks */,
				B4F27FF52C0E4386004C185E /* Resources */,
			);
			buildRules = (
			);
			dependencies = (
			);
			name = WindowGroups;
			packageProductDependencies = (
				B4F27FF92C0E4386004C185E /* RealityKitContent */,
			);
			productName = WindowGroups;
			productReference = B4F27FF72C0E4386004C185E /* WindowGroups.app */;
			productType = "com.apple.product-type.application";
		};
		B4F2800F2C0F969F004C185E /* UnitTests */ = {
			isa = PBXNativeTarget;
			buildConfigurationList = B4F280162C0F969F004C185E /* Build configuration list for PBXNativeTarget "UnitTests" */;
			buildPhases = (
				B4F2800C2C0F969F004C185E /* Sources */,
				B4F2800D2C0F969F004C185E /* Frameworks */,
				B4F2800E2C0F969F004C185E /* Resources */,
			);
			buildRules = (
			);
			dependencies = (
				B4F280152C0F969F004C185E /* PBXTargetDependency */,
			);
			name = UnitTests;
			productName = UnitTests;
			productReference = B4F280102C0F969F004C185E /* UnitTests.xctest */;
			productType = "com.apple.product-type.bundle.unit-test";
		};
/* End PBXNativeTarget section */

/* Begin PBXProject section */
		B45868F02BC59FDF00D7DADC /* Project object */ = {
			isa = PBXProject;
			attributes = {
				BuildIndependentTargetsInParallel = 1;
				LastSwiftUpdateCheck = 1540;
				LastUpgradeCheck = 1530;
				TargetAttributes = {
					B426BB612BFF9BCD00281EA0 = {
						CreatedOnToolsVersion = 15.4;
					};
					B43B13882BD158F10018C15B = {
						CreatedOnToolsVersion = 15.3;
					};
					B45868F72BC59FDF00D7DADC = {
						CreatedOnToolsVersion = 15.3;
					};
					B45869132BC5A28E00D7DADC = {
						CreatedOnToolsVersion = 15.3;
					};
					B46786262BE1638D0004B275 = {
						CreatedOnToolsVersion = 15.3;
					};
					B47AE1E62C17867B00F981F8 = {
						CreatedOnToolsVersion = 15.4;
					};
					B4C1A14B2BCD64C500E8ACB8 = {
						CreatedOnToolsVersion = 15.3;
					};
					B4D5F2262BEE78650018C80A = {
						CreatedOnToolsVersion = 15.3;
					};
					B4F27FF62C0E4386004C185E = {
						CreatedOnToolsVersion = 15.4;
					};
					B4F2800F2C0F969F004C185E = {
						CreatedOnToolsVersion = 15.4;
						TestTargetID = B45868F72BC59FDF00D7DADC;
					};
				};
			};
			buildConfigurationList = B45868F32BC59FDF00D7DADC /* Build configuration list for PBXProject "VisionProExamples" */;
			compatibilityVersion = "Xcode 14.0";
			developmentRegion = en;
			hasScannedForEncodings = 0;
			knownRegions = (
				en,
				Base,
			);
			mainGroup = B45868EF2BC59FDF00D7DADC;
			productRefGroup = B45868F92BC59FDF00D7DADC /* Products */;
			projectDirPath = "";
			projectRoot = "";
			targets = (
				B45868F72BC59FDF00D7DADC /* VisionProExamples */,
				B45869132BC5A28E00D7DADC /* LoadingAModel */,
				B4C1A14B2BCD64C500E8ACB8 /* ProgrammaticModel */,
				B43B13882BD158F10018C15B /* RotatingCubes */,
				B46786262BE1638D0004B275 /* SpinningCube */,
				B4D5F2262BEE78650018C80A /* Transforms */,
				B426BB612BFF9BCD00281EA0 /* Attachments */,
				B4F27FF62C0E4386004C185E /* WindowGroups */,
				B4F2800F2C0F969F004C185E /* UnitTests */,
				B47AE1E62C17867B00F981F8 /* Model3D */,
			);
		};
/* End PBXProject section */

/* Begin PBXResourcesBuildPhase section */
		B426BB602BFF9BCD00281EA0 /* Resources */ = {
			isa = PBXResourcesBuildPhase;
			buildActionMask = 2147483647;
			files = (
				B426BB702BFF9BCF00281EA0 /* Preview Assets.xcassets in Resources */,
				B426BB6D2BFF9BCF00281EA0 /* Assets.xcassets in Resources */,
			);
			runOnlyForDeploymentPostprocessing = 0;
		};
		B43B13872BD158F10018C15B /* Resources */ = {
			isa = PBXResourcesBuildPhase;
			buildActionMask = 2147483647;
			files = (
				B43B13972BD158F30018C15B /* Preview Assets.xcassets in Resources */,
				B43B13942BD158F30018C15B /* Assets.xcassets in Resources */,
			);
			runOnlyForDeploymentPostprocessing = 0;
		};
		B45868F62BC59FDF00D7DADC /* Resources */ = {
			isa = PBXResourcesBuildPhase;
			buildActionMask = 2147483647;
			files = (
				B45869092BC59FEB00D7DADC /* Preview Assets.xcassets in Resources */,
				B45869062BC59FEB00D7DADC /* Assets.xcassets in Resources */,
			);
			runOnlyForDeploymentPostprocessing = 0;
		};
		B45869122BC5A28E00D7DADC /* Resources */ = {
			isa = PBXResourcesBuildPhase;
			buildActionMask = 2147483647;
			files = (
				B45869222BC5A29000D7DADC /* Preview Assets.xcassets in Resources */,
				B458691F2BC5A29000D7DADC /* Assets.xcassets in Resources */,
				B45869282BC5A5E400D7DADC /* toy_car.usdz in Resources */,
				B404A9952BC5C08A0050225A /* Sunlight.skybox in Resources */,
			);
			runOnlyForDeploymentPostprocessing = 0;
		};
		B46786252BE1638D0004B275 /* Resources */ = {
			isa = PBXResourcesBuildPhase;
			buildActionMask = 2147483647;
			files = (
				B46786352BE1638F0004B275 /* Preview Assets.xcassets in Resources */,
				B46786322BE1638F0004B275 /* Assets.xcassets in Resources */,
			);
			runOnlyForDeploymentPostprocessing = 0;
		};
		B47AE1E52C17867B00F981F8 /* Resources */ = {
			isa = PBXResourcesBuildPhase;
			buildActionMask = 2147483647;
			files = (
				B47AE1F52C17867D00F981F8 /* Preview Assets.xcassets in Resources */,
				B47AE1FF2C178C8E00F981F8 /* toy_biplane_idle.usdz in Resources */,
				B47AE1F22C17867D00F981F8 /* Assets.xcassets in Resources */,
				B47AE1FB2C17875600F981F8 /* toy_car.usdz in Resources */,
			);
			runOnlyForDeploymentPostprocessing = 0;
		};
		B4C1A14A2BCD64C500E8ACB8 /* Resources */ = {
			isa = PBXResourcesBuildPhase;
			buildActionMask = 2147483647;
			files = (
				B421B9D32BCDC5DA00E89E8E /* Sunlight.skybox in Resources */,
				B4C1A15A2BCD64C600E8ACB8 /* Preview Assets.xcassets in Resources */,
				B4C1A1572BCD64C600E8ACB8 /* Assets.xcassets in Resources */,
				B421B9D22BCDC5AB00E89E8E /* toy_car.usdz in Resources */,
			);
			runOnlyForDeploymentPostprocessing = 0;
		};
		B4D5F2252BEE78650018C80A /* Resources */ = {
			isa = PBXResourcesBuildPhase;
			buildActionMask = 2147483647;
			files = (
				B4D5F2352BEE78670018C80A /* Preview Assets.xcassets in Resources */,
				B4D5F2322BEE78660018C80A /* Assets.xcassets in Resources */,
			);
			runOnlyForDeploymentPostprocessing = 0;
		};
		B4F27FF52C0E4386004C185E /* Resources */ = {
			isa = PBXResourcesBuildPhase;
			buildActionMask = 2147483647;
			files = (
				B4F280052C0E4387004C185E /* Preview Assets.xcassets in Resources */,
				B4F280022C0E4387004C185E /* Assets.xcassets in Resources */,
			);
			runOnlyForDeploymentPostprocessing = 0;
		};
		B4F2800E2C0F969F004C185E /* Resources */ = {
			isa = PBXResourcesBuildPhase;
			buildActionMask = 2147483647;
			files = (
			);
			runOnlyForDeploymentPostprocessing = 0;
		};
/* End PBXResourcesBuildPhase section */

/* Begin PBXSourcesBuildPhase section */
		B426BB5E2BFF9BCD00281EA0 /* Sources */ = {
			isa = PBXSourcesBuildPhase;
			buildActionMask = 2147483647;
			files = (
				B426BB692BFF9BCD00281EA0 /* ContentView.swift in Sources */,
				B411BBC92BFFB8BF0001A6E0 /* BillboardComponent.swift in Sources */,
				B426BB672BFF9BCD00281EA0 /* AttachmentsApp.swift in Sources */,
				B411BBCA2BFFB8BF0001A6E0 /* BillboardSystem.swift in Sources */,
				B426BB6B2BFF9BCD00281EA0 /* ImmersiveView.swift in Sources */,
			);
			runOnlyForDeploymentPostprocessing = 0;
		};
		B43B13852BD158F10018C15B /* Sources */ = {
			isa = PBXSourcesBuildPhase;
			buildActionMask = 2147483647;
			files = (
				B43B13902BD158F10018C15B /* ContentView.swift in Sources */,
				B43B138E2BD158F10018C15B /* RotatingCubesApp.swift in Sources */,
				B43B13922BD158F10018C15B /* ImmersiveView.swift in Sources */,
			);
			runOnlyForDeploymentPostprocessing = 0;
		};
		B45868F42BC59FDF00D7DADC /* Sources */ = {
			isa = PBXSourcesBuildPhase;
			buildActionMask = 2147483647;
			files = (
				B45869022BC59FDF00D7DADC /* ContentView.swift in Sources */,
				B45869002BC59FDF00D7DADC /* VisionProExamplesApp.swift in Sources */,
				B45869042BC59FDF00D7DADC /* ImmersiveView.swift in Sources */,
			);
			runOnlyForDeploymentPostprocessing = 0;
		};
		B45869102BC5A28E00D7DADC /* Sources */ = {
			isa = PBXSourcesBuildPhase;
			buildActionMask = 2147483647;
			files = (
				B458691B2BC5A28E00D7DADC /* ContentView.swift in Sources */,
				B45869192BC5A28E00D7DADC /* LoadingAModelApp.swift in Sources */,
				B404A9932BC5BEC30050225A /* Entity+Sunlight.swift in Sources */,
				B458691D2BC5A28E00D7DADC /* ToyCarView.swift in Sources */,
			);
			runOnlyForDeploymentPostprocessing = 0;
		};
		B46786232BE1638D0004B275 /* Sources */ = {
			isa = PBXSourcesBuildPhase;
			buildActionMask = 2147483647;
			files = (
				B467862E2BE1638E0004B275 /* ContentView.swift in Sources */,
				B467862C2BE1638E0004B275 /* SpinningCubeApp.swift in Sources */,
				B46786302BE1638E0004B275 /* ImmersiveView.swift in Sources */,
			);
			runOnlyForDeploymentPostprocessing = 0;
		};
		B47AE1E32C17867B00F981F8 /* Sources */ = {
			isa = PBXSourcesBuildPhase;
			buildActionMask = 2147483647;
			files = (
				B47AE1EE2C17867B00F981F8 /* ContentView.swift in Sources */,
				B47AE1EC2C17867B00F981F8 /* Model3DApp.swift in Sources */,
				B47AE1F02C17867B00F981F8 /* ImmersiveView.swift in Sources */,
			);
			runOnlyForDeploymentPostprocessing = 0;
		};
		B4C1A1482BCD64C500E8ACB8 /* Sources */ = {
			isa = PBXSourcesBuildPhase;
			buildActionMask = 2147483647;
			files = (
				B421B9D52BCDD35300E89E8E /* YawModifier.swift in Sources */,
				B421B9CB2BCDC1F800E89E8E /* ToyCarView.swift in Sources */,
				B4C1A1532BCD64C500E8ACB8 /* ContentView.swift in Sources */,
				B421B9CD2BCDC24800E89E8E /* Entity+Sunlight.swift in Sources */,
				B421B9D72BCEB2D300E89E8E /* PitchAndYawModifier.swift in Sources */,
				B4C1A1512BCD64C500E8ACB8 /* ProgrammaticModelApp.swift in Sources */,
				B4C1A1552BCD64C500E8ACB8 /* ImmersiveView.swift in Sources */,
			);
			runOnlyForDeploymentPostprocessing = 0;
		};
		B4D5F2232BEE78650018C80A /* Sources */ = {
			isa = PBXSourcesBuildPhase;
			buildActionMask = 2147483647;
			files = (
				B4D5F22E2BEE78650018C80A /* ContentView.swift in Sources */,
				B4D5F22C2BEE78650018C80A /* TransformsApp.swift in Sources */,
				B4D5F2302BEE78650018C80A /* ImmersiveView.swift in Sources */,
			);
			runOnlyForDeploymentPostprocessing = 0;
		};
		B4F27FF32C0E4386004C185E /* Sources */ = {
			isa = PBXSourcesBuildPhase;
			buildActionMask = 2147483647;
			files = (
				B4F27FFE2C0E4386004C185E /* ContentView.swift in Sources */,
				B4F27FFC2C0E4386004C185E /* WindowGroupsApp.swift in Sources */,
				B4F2800B2C0E4D5E004C185E /* ViewModel.swift in Sources */,
			);
			runOnlyForDeploymentPostprocessing = 0;
		};
		B4F2800C2C0F969F004C185E /* Sources */ = {
			isa = PBXSourcesBuildPhase;
			buildActionMask = 2147483647;
			files = (
				B4F280132C0F969F004C185E /* CallAsFunctionTests.swift in Sources */,
			);
			runOnlyForDeploymentPostprocessing = 0;
		};
/* End PBXSourcesBuildPhase section */

/* Begin PBXTargetDependency section */
		B4F280152C0F969F004C185E /* PBXTargetDependency */ = {
			isa = PBXTargetDependency;
			target = B45868F72BC59FDF00D7DADC /* VisionProExamples */;
			targetProxy = B4F280142C0F969F004C185E /* PBXContainerItemProxy */;
		};
/* End PBXTargetDependency section */

/* Begin XCBuildConfiguration section */
		B426BB722BFF9BCF00281EA0 /* Debug */ = {
			isa = XCBuildConfiguration;
			buildSettings = {
				ASSETCATALOG_COMPILER_APPICON_NAME = AppIcon;
				ASSETCATALOG_COMPILER_GLOBAL_ACCENT_COLOR_NAME = AccentColor;
				CODE_SIGN_STYLE = Automatic;
				CURRENT_PROJECT_VERSION = 1;
				DEVELOPMENT_ASSET_PATHS = "\"Attachments/Preview Content\"";
				DEVELOPMENT_TEAM = QJJFB4XBRT;
				ENABLE_PREVIEWS = YES;
				GENERATE_INFOPLIST_FILE = YES;
				INFOPLIST_FILE = "$(TARGET_NAME)/Info.plist";
				LD_RUNPATH_SEARCH_PATHS = (
					"$(inherited)",
					"@executable_path/Frameworks",
				);
				MARKETING_VERSION = 1.0;
				PRODUCT_BUNDLE_IDENTIFIER = com.aboutobjects.Attachments;
				PRODUCT_NAME = "$(TARGET_NAME)";
				SUPPORTED_PLATFORMS = "xros xrsimulator";
				SWIFT_EMIT_LOC_STRINGS = YES;
				SWIFT_VERSION = 5.0;
				TARGETED_DEVICE_FAMILY = "1,2,7";
				XROS_DEPLOYMENT_TARGET = 1.2;
			};
			name = Debug;
		};
		B426BB732BFF9BCF00281EA0 /* Release */ = {
			isa = XCBuildConfiguration;
			buildSettings = {
				ASSETCATALOG_COMPILER_APPICON_NAME = AppIcon;
				ASSETCATALOG_COMPILER_GLOBAL_ACCENT_COLOR_NAME = AccentColor;
				CODE_SIGN_STYLE = Automatic;
				CURRENT_PROJECT_VERSION = 1;
				DEVELOPMENT_ASSET_PATHS = "\"Attachments/Preview Content\"";
				DEVELOPMENT_TEAM = QJJFB4XBRT;
				ENABLE_PREVIEWS = YES;
				GENERATE_INFOPLIST_FILE = YES;
				INFOPLIST_FILE = "$(TARGET_NAME)/Info.plist";
				LD_RUNPATH_SEARCH_PATHS = (
					"$(inherited)",
					"@executable_path/Frameworks",
				);
				MARKETING_VERSION = 1.0;
				PRODUCT_BUNDLE_IDENTIFIER = com.aboutobjects.Attachments;
				PRODUCT_NAME = "$(TARGET_NAME)";
				SUPPORTED_PLATFORMS = "xros xrsimulator";
				SWIFT_EMIT_LOC_STRINGS = YES;
				SWIFT_VERSION = 5.0;
				TARGETED_DEVICE_FAMILY = "1,2,7";
				XROS_DEPLOYMENT_TARGET = 1.2;
			};
			name = Release;
		};
		B43B13992BD158F30018C15B /* Debug */ = {
			isa = XCBuildConfiguration;
			buildSettings = {
				ASSETCATALOG_COMPILER_APPICON_NAME = AppIcon;
				ASSETCATALOG_COMPILER_GLOBAL_ACCENT_COLOR_NAME = AccentColor;
				CODE_SIGN_STYLE = Automatic;
				CURRENT_PROJECT_VERSION = 1;
				DEVELOPMENT_ASSET_PATHS = "\"RotatingCubes/Preview Content\"";
				DEVELOPMENT_TEAM = QJJFB4XBRT;
				ENABLE_PREVIEWS = YES;
				GENERATE_INFOPLIST_FILE = YES;
				INFOPLIST_FILE = "$(TARGET_NAME)/Info.plist";
				LD_RUNPATH_SEARCH_PATHS = (
					"$(inherited)",
					"@executable_path/Frameworks",
				);
				MARKETING_VERSION = 1.0;
				PRODUCT_BUNDLE_IDENTIFIER = com.aboutobjects.RotatingCubes;
				PRODUCT_NAME = "$(TARGET_NAME)";
				SUPPORTED_PLATFORMS = "xros xrsimulator";
				SWIFT_EMIT_LOC_STRINGS = YES;
				SWIFT_VERSION = 5.0;
				TARGETED_DEVICE_FAMILY = "1,2,7";
			};
			name = Debug;
		};
		B43B139A2BD158F30018C15B /* Release */ = {
			isa = XCBuildConfiguration;
			buildSettings = {
				ASSETCATALOG_COMPILER_APPICON_NAME = AppIcon;
				ASSETCATALOG_COMPILER_GLOBAL_ACCENT_COLOR_NAME = AccentColor;
				CODE_SIGN_STYLE = Automatic;
				CURRENT_PROJECT_VERSION = 1;
				DEVELOPMENT_ASSET_PATHS = "\"RotatingCubes/Preview Content\"";
				DEVELOPMENT_TEAM = QJJFB4XBRT;
				ENABLE_PREVIEWS = YES;
				GENERATE_INFOPLIST_FILE = YES;
				INFOPLIST_FILE = "$(TARGET_NAME)/Info.plist";
				LD_RUNPATH_SEARCH_PATHS = (
					"$(inherited)",
					"@executable_path/Frameworks",
				);
				MARKETING_VERSION = 1.0;
				PRODUCT_BUNDLE_IDENTIFIER = com.aboutobjects.RotatingCubes;
				PRODUCT_NAME = "$(TARGET_NAME)";
				SUPPORTED_PLATFORMS = "xros xrsimulator";
				SWIFT_EMIT_LOC_STRINGS = YES;
				SWIFT_VERSION = 5.0;
				TARGETED_DEVICE_FAMILY = "1,2,7";
			};
			name = Release;
		};
		B458690B2BC59FEB00D7DADC /* Debug */ = {
			isa = XCBuildConfiguration;
			buildSettings = {
				ALWAYS_SEARCH_USER_PATHS = NO;
				ASSETCATALOG_COMPILER_GENERATE_SWIFT_ASSET_SYMBOL_EXTENSIONS = YES;
				CLANG_ANALYZER_NONNULL = YES;
				CLANG_ANALYZER_NUMBER_OBJECT_CONVERSION = YES_AGGRESSIVE;
				CLANG_CXX_LANGUAGE_STANDARD = "gnu++20";
				CLANG_ENABLE_MODULES = YES;
				CLANG_ENABLE_OBJC_ARC = YES;
				CLANG_ENABLE_OBJC_WEAK = YES;
				CLANG_WARN_BLOCK_CAPTURE_AUTORELEASING = YES;
				CLANG_WARN_BOOL_CONVERSION = YES;
				CLANG_WARN_COMMA = YES;
				CLANG_WARN_CONSTANT_CONVERSION = YES;
				CLANG_WARN_DEPRECATED_OBJC_IMPLEMENTATIONS = YES;
				CLANG_WARN_DIRECT_OBJC_ISA_USAGE = YES_ERROR;
				CLANG_WARN_DOCUMENTATION_COMMENTS = YES;
				CLANG_WARN_EMPTY_BODY = YES;
				CLANG_WARN_ENUM_CONVERSION = YES;
				CLANG_WARN_INFINITE_RECURSION = YES;
				CLANG_WARN_INT_CONVERSION = YES;
				CLANG_WARN_NON_LITERAL_NULL_CONVERSION = YES;
				CLANG_WARN_OBJC_IMPLICIT_RETAIN_SELF = YES;
				CLANG_WARN_OBJC_LITERAL_CONVERSION = YES;
				CLANG_WARN_OBJC_ROOT_CLASS = YES_ERROR;
				CLANG_WARN_QUOTED_INCLUDE_IN_FRAMEWORK_HEADER = YES;
				CLANG_WARN_RANGE_LOOP_ANALYSIS = YES;
				CLANG_WARN_STRICT_PROTOTYPES = YES;
				CLANG_WARN_SUSPICIOUS_MOVE = YES;
				CLANG_WARN_UNGUARDED_AVAILABILITY = YES_AGGRESSIVE;
				CLANG_WARN_UNREACHABLE_CODE = YES;
				CLANG_WARN__DUPLICATE_METHOD_MATCH = YES;
				COPY_PHASE_STRIP = NO;
				DEBUG_INFORMATION_FORMAT = dwarf;
				ENABLE_STRICT_OBJC_MSGSEND = YES;
				ENABLE_TESTABILITY = YES;
				ENABLE_USER_SCRIPT_SANDBOXING = YES;
				GCC_C_LANGUAGE_STANDARD = gnu17;
				GCC_DYNAMIC_NO_PIC = NO;
				GCC_NO_COMMON_BLOCKS = YES;
				GCC_OPTIMIZATION_LEVEL = 0;
				GCC_PREPROCESSOR_DEFINITIONS = (
					"DEBUG=1",
					"$(inherited)",
				);
				GCC_WARN_64_TO_32_BIT_CONVERSION = YES;
				GCC_WARN_ABOUT_RETURN_TYPE = YES_ERROR;
				GCC_WARN_UNDECLARED_SELECTOR = YES;
				GCC_WARN_UNINITIALIZED_AUTOS = YES_AGGRESSIVE;
				GCC_WARN_UNUSED_FUNCTION = YES;
				GCC_WARN_UNUSED_VARIABLE = YES;
				LOCALIZATION_PREFERS_STRING_CATALOGS = YES;
				MTL_ENABLE_DEBUG_INFO = INCLUDE_SOURCE;
				MTL_FAST_MATH = YES;
				ONLY_ACTIVE_ARCH = YES;
				SDKROOT = xros;
				SWIFT_ACTIVE_COMPILATION_CONDITIONS = "DEBUG $(inherited)";
				SWIFT_OPTIMIZATION_LEVEL = "-Onone";
				XROS_DEPLOYMENT_TARGET = 1.1;
			};
			name = Debug;
		};
		B458690C2BC59FEB00D7DADC /* Release */ = {
			isa = XCBuildConfiguration;
			buildSettings = {
				ALWAYS_SEARCH_USER_PATHS = NO;
				ASSETCATALOG_COMPILER_GENERATE_SWIFT_ASSET_SYMBOL_EXTENSIONS = YES;
				CLANG_ANALYZER_NONNULL = YES;
				CLANG_ANALYZER_NUMBER_OBJECT_CONVERSION = YES_AGGRESSIVE;
				CLANG_CXX_LANGUAGE_STANDARD = "gnu++20";
				CLANG_ENABLE_MODULES = YES;
				CLANG_ENABLE_OBJC_ARC = YES;
				CLANG_ENABLE_OBJC_WEAK = YES;
				CLANG_WARN_BLOCK_CAPTURE_AUTORELEASING = YES;
				CLANG_WARN_BOOL_CONVERSION = YES;
				CLANG_WARN_COMMA = YES;
				CLANG_WARN_CONSTANT_CONVERSION = YES;
				CLANG_WARN_DEPRECATED_OBJC_IMPLEMENTATIONS = YES;
				CLANG_WARN_DIRECT_OBJC_ISA_USAGE = YES_ERROR;
				CLANG_WARN_DOCUMENTATION_COMMENTS = YES;
				CLANG_WARN_EMPTY_BODY = YES;
				CLANG_WARN_ENUM_CONVERSION = YES;
				CLANG_WARN_INFINITE_RECURSION = YES;
				CLANG_WARN_INT_CONVERSION = YES;
				CLANG_WARN_NON_LITERAL_NULL_CONVERSION = YES;
				CLANG_WARN_OBJC_IMPLICIT_RETAIN_SELF = YES;
				CLANG_WARN_OBJC_LITERAL_CONVERSION = YES;
				CLANG_WARN_OBJC_ROOT_CLASS = YES_ERROR;
				CLANG_WARN_QUOTED_INCLUDE_IN_FRAMEWORK_HEADER = YES;
				CLANG_WARN_RANGE_LOOP_ANALYSIS = YES;
				CLANG_WARN_STRICT_PROTOTYPES = YES;
				CLANG_WARN_SUSPICIOUS_MOVE = YES;
				CLANG_WARN_UNGUARDED_AVAILABILITY = YES_AGGRESSIVE;
				CLANG_WARN_UNREACHABLE_CODE = YES;
				CLANG_WARN__DUPLICATE_METHOD_MATCH = YES;
				COPY_PHASE_STRIP = NO;
				DEBUG_INFORMATION_FORMAT = "dwarf-with-dsym";
				ENABLE_NS_ASSERTIONS = NO;
				ENABLE_STRICT_OBJC_MSGSEND = YES;
				ENABLE_USER_SCRIPT_SANDBOXING = YES;
				GCC_C_LANGUAGE_STANDARD = gnu17;
				GCC_NO_COMMON_BLOCKS = YES;
				GCC_WARN_64_TO_32_BIT_CONVERSION = YES;
				GCC_WARN_ABOUT_RETURN_TYPE = YES_ERROR;
				GCC_WARN_UNDECLARED_SELECTOR = YES;
				GCC_WARN_UNINITIALIZED_AUTOS = YES_AGGRESSIVE;
				GCC_WARN_UNUSED_FUNCTION = YES;
				GCC_WARN_UNUSED_VARIABLE = YES;
				LOCALIZATION_PREFERS_STRING_CATALOGS = YES;
				MTL_ENABLE_DEBUG_INFO = NO;
				MTL_FAST_MATH = YES;
				SDKROOT = xros;
				SWIFT_COMPILATION_MODE = wholemodule;
				VALIDATE_PRODUCT = YES;
				XROS_DEPLOYMENT_TARGET = 1.1;
			};
			name = Release;
		};
		B458690E2BC59FEB00D7DADC /* Debug */ = {
			isa = XCBuildConfiguration;
			buildSettings = {
				ASSETCATALOG_COMPILER_APPICON_NAME = AppIcon;
				ASSETCATALOG_COMPILER_GLOBAL_ACCENT_COLOR_NAME = AccentColor;
				CODE_SIGN_STYLE = Automatic;
				CURRENT_PROJECT_VERSION = 1;
				DEVELOPMENT_ASSET_PATHS = "\"VisionProExamples/Preview Content\"";
				DEVELOPMENT_TEAM = QJJFB4XBRT;
				ENABLE_PREVIEWS = YES;
				GENERATE_INFOPLIST_FILE = YES;
				INFOPLIST_FILE = "$(TARGET_NAME)/Info.plist";
				LD_RUNPATH_SEARCH_PATHS = (
					"$(inherited)",
					"@executable_path/Frameworks",
				);
				MARKETING_VERSION = 1.0;
				PRODUCT_BUNDLE_IDENTIFIER = com.aboutobjects.VisionProExamples;
				PRODUCT_NAME = "$(TARGET_NAME)";
				SUPPORTED_PLATFORMS = "xros xrsimulator";
				SWIFT_EMIT_LOC_STRINGS = YES;
				SWIFT_VERSION = 5.0;
				TARGETED_DEVICE_FAMILY = "1,2,7";
			};
			name = Debug;
		};
		B458690F2BC59FEB00D7DADC /* Release */ = {
			isa = XCBuildConfiguration;
			buildSettings = {
				ASSETCATALOG_COMPILER_APPICON_NAME = AppIcon;
				ASSETCATALOG_COMPILER_GLOBAL_ACCENT_COLOR_NAME = AccentColor;
				CODE_SIGN_STYLE = Automatic;
				CURRENT_PROJECT_VERSION = 1;
				DEVELOPMENT_ASSET_PATHS = "\"VisionProExamples/Preview Content\"";
				DEVELOPMENT_TEAM = QJJFB4XBRT;
				ENABLE_PREVIEWS = YES;
				GENERATE_INFOPLIST_FILE = YES;
				INFOPLIST_FILE = "$(TARGET_NAME)/Info.plist";
				LD_RUNPATH_SEARCH_PATHS = (
					"$(inherited)",
					"@executable_path/Frameworks",
				);
				MARKETING_VERSION = 1.0;
				PRODUCT_BUNDLE_IDENTIFIER = com.aboutobjects.VisionProExamples;
				PRODUCT_NAME = "$(TARGET_NAME)";
				SUPPORTED_PLATFORMS = "xros xrsimulator";
				SWIFT_EMIT_LOC_STRINGS = YES;
				SWIFT_VERSION = 5.0;
				TARGETED_DEVICE_FAMILY = "1,2,7";
			};
			name = Release;
		};
		B45869252BC5A29000D7DADC /* Debug */ = {
			isa = XCBuildConfiguration;
			buildSettings = {
				ASSETCATALOG_COMPILER_APPICON_NAME = AppIcon;
				ASSETCATALOG_COMPILER_GLOBAL_ACCENT_COLOR_NAME = AccentColor;
				CODE_SIGN_STYLE = Automatic;
				CURRENT_PROJECT_VERSION = 1;
				DEVELOPMENT_ASSET_PATHS = "\"LoadingAModel/Preview Content\"";
				DEVELOPMENT_TEAM = QJJFB4XBRT;
				ENABLE_PREVIEWS = YES;
				GENERATE_INFOPLIST_FILE = YES;
				INFOPLIST_FILE = "$(TARGET_NAME)/Info.plist";
				LD_RUNPATH_SEARCH_PATHS = (
					"$(inherited)",
					"@executable_path/Frameworks",
				);
				MARKETING_VERSION = 1.0;
				PRODUCT_BUNDLE_IDENTIFIER = com.aboutobjects.LoadingAModel;
				PRODUCT_NAME = "$(TARGET_NAME)";
				SUPPORTED_PLATFORMS = "xros xrsimulator";
				SWIFT_EMIT_LOC_STRINGS = YES;
				SWIFT_VERSION = 5.0;
				TARGETED_DEVICE_FAMILY = "1,2,7";
			};
			name = Debug;
		};
		B45869262BC5A29000D7DADC /* Release */ = {
			isa = XCBuildConfiguration;
			buildSettings = {
				ASSETCATALOG_COMPILER_APPICON_NAME = AppIcon;
				ASSETCATALOG_COMPILER_GLOBAL_ACCENT_COLOR_NAME = AccentColor;
				CODE_SIGN_STYLE = Automatic;
				CURRENT_PROJECT_VERSION = 1;
				DEVELOPMENT_ASSET_PATHS = "\"LoadingAModel/Preview Content\"";
				DEVELOPMENT_TEAM = QJJFB4XBRT;
				ENABLE_PREVIEWS = YES;
				GENERATE_INFOPLIST_FILE = YES;
				INFOPLIST_FILE = "$(TARGET_NAME)/Info.plist";
				LD_RUNPATH_SEARCH_PATHS = (
					"$(inherited)",
					"@executable_path/Frameworks",
				);
				MARKETING_VERSION = 1.0;
				PRODUCT_BUNDLE_IDENTIFIER = com.aboutobjects.LoadingAModel;
				PRODUCT_NAME = "$(TARGET_NAME)";
				SUPPORTED_PLATFORMS = "xros xrsimulator";
				SWIFT_EMIT_LOC_STRINGS = YES;
				SWIFT_VERSION = 5.0;
				TARGETED_DEVICE_FAMILY = "1,2,7";
			};
			name = Release;
		};
		B46786372BE1638F0004B275 /* Debug */ = {
			isa = XCBuildConfiguration;
			buildSettings = {
				ASSETCATALOG_COMPILER_APPICON_NAME = AppIcon;
				ASSETCATALOG_COMPILER_GLOBAL_ACCENT_COLOR_NAME = AccentColor;
				CODE_SIGN_STYLE = Automatic;
				CURRENT_PROJECT_VERSION = 1;
				DEVELOPMENT_ASSET_PATHS = "\"SpinningCube/Preview Content\"";
				DEVELOPMENT_TEAM = QJJFB4XBRT;
				ENABLE_PREVIEWS = YES;
				GENERATE_INFOPLIST_FILE = YES;
				INFOPLIST_FILE = "$(TARGET_NAME)/Info.plist";
				LD_RUNPATH_SEARCH_PATHS = (
					"$(inherited)",
					"@executable_path/Frameworks",
				);
				MARKETING_VERSION = 1.0;
				PRODUCT_BUNDLE_IDENTIFIER = com.aboutobjects.SpinningCube;
				PRODUCT_NAME = "$(TARGET_NAME)";
				SUPPORTED_PLATFORMS = "xros xrsimulator";
				SWIFT_EMIT_LOC_STRINGS = YES;
				SWIFT_VERSION = 5.0;
				TARGETED_DEVICE_FAMILY = "1,2,7";
			};
			name = Debug;
		};
		B46786382BE1638F0004B275 /* Release */ = {
			isa = XCBuildConfiguration;
			buildSettings = {
				ASSETCATALOG_COMPILER_APPICON_NAME = AppIcon;
				ASSETCATALOG_COMPILER_GLOBAL_ACCENT_COLOR_NAME = AccentColor;
				CODE_SIGN_STYLE = Automatic;
				CURRENT_PROJECT_VERSION = 1;
				DEVELOPMENT_ASSET_PATHS = "\"SpinningCube/Preview Content\"";
				DEVELOPMENT_TEAM = QJJFB4XBRT;
				ENABLE_PREVIEWS = YES;
				GENERATE_INFOPLIST_FILE = YES;
				INFOPLIST_FILE = "$(TARGET_NAME)/Info.plist";
				LD_RUNPATH_SEARCH_PATHS = (
					"$(inherited)",
					"@executable_path/Frameworks",
				);
				MARKETING_VERSION = 1.0;
				PRODUCT_BUNDLE_IDENTIFIER = com.aboutobjects.SpinningCube;
				PRODUCT_NAME = "$(TARGET_NAME)";
				SUPPORTED_PLATFORMS = "xros xrsimulator";
				SWIFT_EMIT_LOC_STRINGS = YES;
				SWIFT_VERSION = 5.0;
				TARGETED_DEVICE_FAMILY = "1,2,7";
			};
			name = Release;
		};
		B47AE1F72C17867D00F981F8 /* Debug */ = {
			isa = XCBuildConfiguration;
			buildSettings = {
				ASSETCATALOG_COMPILER_APPICON_NAME = AppIcon;
				ASSETCATALOG_COMPILER_GLOBAL_ACCENT_COLOR_NAME = AccentColor;
				CODE_SIGN_STYLE = Automatic;
				CURRENT_PROJECT_VERSION = 1;
				DEVELOPMENT_ASSET_PATHS = "\"Model3D/Preview Content\"";
				DEVELOPMENT_TEAM = QJJFB4XBRT;
				ENABLE_PREVIEWS = YES;
				GENERATE_INFOPLIST_FILE = YES;
				INFOPLIST_FILE = "$(TARGET_NAME)/Info.plist";
				LD_RUNPATH_SEARCH_PATHS = (
					"$(inherited)",
					"@executable_path/Frameworks",
				);
				MARKETING_VERSION = 1.0;
				PRODUCT_BUNDLE_IDENTIFIER = com.aboutobjects.Model3D;
				PRODUCT_NAME = "$(TARGET_NAME)";
				SUPPORTED_PLATFORMS = "xros xrsimulator";
				SWIFT_EMIT_LOC_STRINGS = YES;
				SWIFT_VERSION = 5.0;
				TARGETED_DEVICE_FAMILY = "1,2,7";
				XROS_DEPLOYMENT_TARGET = 1.2;
			};
			name = Debug;
		};
		B47AE1F82C17867D00F981F8 /* Release */ = {
			isa = XCBuildConfiguration;
			buildSettings = {
				ASSETCATALOG_COMPILER_APPICON_NAME = AppIcon;
				ASSETCATALOG_COMPILER_GLOBAL_ACCENT_COLOR_NAME = AccentColor;
				CODE_SIGN_STYLE = Automatic;
				CURRENT_PROJECT_VERSION = 1;
				DEVELOPMENT_ASSET_PATHS = "\"Model3D/Preview Content\"";
				DEVELOPMENT_TEAM = QJJFB4XBRT;
				ENABLE_PREVIEWS = YES;
				GENERATE_INFOPLIST_FILE = YES;
				INFOPLIST_FILE = "$(TARGET_NAME)/Info.plist";
				LD_RUNPATH_SEARCH_PATHS = (
					"$(inherited)",
					"@executable_path/Frameworks",
				);
				MARKETING_VERSION = 1.0;
				PRODUCT_BUNDLE_IDENTIFIER = com.aboutobjects.Model3D;
				PRODUCT_NAME = "$(TARGET_NAME)";
				SUPPORTED_PLATFORMS = "xros xrsimulator";
				SWIFT_EMIT_LOC_STRINGS = YES;
				SWIFT_VERSION = 5.0;
				TARGETED_DEVICE_FAMILY = "1,2,7";
				XROS_DEPLOYMENT_TARGET = 1.2;
			};
			name = Release;
		};
		B4C1A15C2BCD64C600E8ACB8 /* Debug */ = {
			isa = XCBuildConfiguration;
			buildSettings = {
				ASSETCATALOG_COMPILER_APPICON_NAME = AppIcon;
				ASSETCATALOG_COMPILER_GLOBAL_ACCENT_COLOR_NAME = AccentColor;
				CODE_SIGN_STYLE = Automatic;
				CURRENT_PROJECT_VERSION = 1;
				DEVELOPMENT_ASSET_PATHS = "\"ProgrammaticModel/Preview Content\"";
				DEVELOPMENT_TEAM = QJJFB4XBRT;
				ENABLE_PREVIEWS = YES;
				GENERATE_INFOPLIST_FILE = YES;
				INFOPLIST_FILE = "$(TARGET_NAME)/Info.plist";
				LD_RUNPATH_SEARCH_PATHS = (
					"$(inherited)",
					"@executable_path/Frameworks",
				);
				MARKETING_VERSION = 1.0;
				PRODUCT_BUNDLE_IDENTIFIER = com.aboutobjects.ProgrammaticModel;
				PRODUCT_NAME = "$(TARGET_NAME)";
				SUPPORTED_PLATFORMS = "xros xrsimulator";
				SWIFT_EMIT_LOC_STRINGS = YES;
				SWIFT_VERSION = 5.0;
				TARGETED_DEVICE_FAMILY = "1,2,7";
			};
			name = Debug;
		};
		B4C1A15D2BCD64C600E8ACB8 /* Release */ = {
			isa = XCBuildConfiguration;
			buildSettings = {
				ASSETCATALOG_COMPILER_APPICON_NAME = AppIcon;
				ASSETCATALOG_COMPILER_GLOBAL_ACCENT_COLOR_NAME = AccentColor;
				CODE_SIGN_STYLE = Automatic;
				CURRENT_PROJECT_VERSION = 1;
				DEVELOPMENT_ASSET_PATHS = "\"ProgrammaticModel/Preview Content\"";
				DEVELOPMENT_TEAM = QJJFB4XBRT;
				ENABLE_PREVIEWS = YES;
				GENERATE_INFOPLIST_FILE = YES;
				INFOPLIST_FILE = "$(TARGET_NAME)/Info.plist";
				LD_RUNPATH_SEARCH_PATHS = (
					"$(inherited)",
					"@executable_path/Frameworks",
				);
				MARKETING_VERSION = 1.0;
				PRODUCT_BUNDLE_IDENTIFIER = com.aboutobjects.ProgrammaticModel;
				PRODUCT_NAME = "$(TARGET_NAME)";
				SUPPORTED_PLATFORMS = "xros xrsimulator";
				SWIFT_EMIT_LOC_STRINGS = YES;
				SWIFT_VERSION = 5.0;
				TARGETED_DEVICE_FAMILY = "1,2,7";
			};
			name = Release;
		};
		B4D5F2372BEE78670018C80A /* Debug */ = {
			isa = XCBuildConfiguration;
			buildSettings = {
				ASSETCATALOG_COMPILER_APPICON_NAME = AppIcon;
				ASSETCATALOG_COMPILER_GLOBAL_ACCENT_COLOR_NAME = AccentColor;
				CODE_SIGN_STYLE = Automatic;
				CURRENT_PROJECT_VERSION = 1;
				DEVELOPMENT_ASSET_PATHS = "\"Transforms/Preview Content\"";
				DEVELOPMENT_TEAM = QJJFB4XBRT;
				ENABLE_PREVIEWS = YES;
				GENERATE_INFOPLIST_FILE = YES;
				INFOPLIST_FILE = "$(TARGET_NAME)/Info.plist";
				LD_RUNPATH_SEARCH_PATHS = (
					"$(inherited)",
					"@executable_path/Frameworks",
				);
				MARKETING_VERSION = 1.0;
				PRODUCT_BUNDLE_IDENTIFIER = com.aboutobjects.Transforms;
				PRODUCT_NAME = "$(TARGET_NAME)";
				SUPPORTED_PLATFORMS = "xros xrsimulator";
				SWIFT_EMIT_LOC_STRINGS = YES;
				SWIFT_VERSION = 5.0;
				TARGETED_DEVICE_FAMILY = "1,2,7";
			};
			name = Debug;
		};
		B4D5F2382BEE78670018C80A /* Release */ = {
			isa = XCBuildConfiguration;
			buildSettings = {
				ASSETCATALOG_COMPILER_APPICON_NAME = AppIcon;
				ASSETCATALOG_COMPILER_GLOBAL_ACCENT_COLOR_NAME = AccentColor;
				CODE_SIGN_STYLE = Automatic;
				CURRENT_PROJECT_VERSION = 1;
				DEVELOPMENT_ASSET_PATHS = "\"Transforms/Preview Content\"";
				DEVELOPMENT_TEAM = QJJFB4XBRT;
				ENABLE_PREVIEWS = YES;
				GENERATE_INFOPLIST_FILE = YES;
				INFOPLIST_FILE = "$(TARGET_NAME)/Info.plist";
				LD_RUNPATH_SEARCH_PATHS = (
					"$(inherited)",
					"@executable_path/Frameworks",
				);
				MARKETING_VERSION = 1.0;
				PRODUCT_BUNDLE_IDENTIFIER = com.aboutobjects.Transforms;
				PRODUCT_NAME = "$(TARGET_NAME)";
				SUPPORTED_PLATFORMS = "xros xrsimulator";
				SWIFT_EMIT_LOC_STRINGS = YES;
				SWIFT_VERSION = 5.0;
				TARGETED_DEVICE_FAMILY = "1,2,7";
			};
			name = Release;
		};
		B4F280072C0E4387004C185E /* Debug */ = {
			isa = XCBuildConfiguration;
			buildSettings = {
				ASSETCATALOG_COMPILER_APPICON_NAME = AppIcon;
				ASSETCATALOG_COMPILER_GLOBAL_ACCENT_COLOR_NAME = AccentColor;
				CODE_SIGN_STYLE = Automatic;
				CURRENT_PROJECT_VERSION = 1;
				DEVELOPMENT_ASSET_PATHS = "\"WindowGroups/Preview Content\"";
				DEVELOPMENT_TEAM = QJJFB4XBRT;
				ENABLE_PREVIEWS = YES;
				GENERATE_INFOPLIST_FILE = YES;
				INFOPLIST_FILE = "$(TARGET_NAME)/Info.plist";
				LD_RUNPATH_SEARCH_PATHS = (
					"$(inherited)",
					"@executable_path/Frameworks",
				);
				MARKETING_VERSION = 1.0;
				PRODUCT_BUNDLE_IDENTIFIER = com.aboutobjects.WindowGroups;
				PRODUCT_NAME = "$(TARGET_NAME)";
				SUPPORTED_PLATFORMS = "xros xrsimulator";
				SWIFT_EMIT_LOC_STRINGS = YES;
				SWIFT_VERSION = 5.0;
				TARGETED_DEVICE_FAMILY = "1,2,7";
				XROS_DEPLOYMENT_TARGET = 1.2;
			};
			name = Debug;
		};
		B4F280082C0E4387004C185E /* Release */ = {
			isa = XCBuildConfiguration;
			buildSettings = {
				ASSETCATALOG_COMPILER_APPICON_NAME = AppIcon;
				ASSETCATALOG_COMPILER_GLOBAL_ACCENT_COLOR_NAME = AccentColor;
				CODE_SIGN_STYLE = Automatic;
				CURRENT_PROJECT_VERSION = 1;
				DEVELOPMENT_ASSET_PATHS = "\"WindowGroups/Preview Content\"";
				DEVELOPMENT_TEAM = QJJFB4XBRT;
				ENABLE_PREVIEWS = YES;
				GENERATE_INFOPLIST_FILE = YES;
				INFOPLIST_FILE = "$(TARGET_NAME)/Info.plist";
				LD_RUNPATH_SEARCH_PATHS = (
					"$(inherited)",
					"@executable_path/Frameworks",
				);
				MARKETING_VERSION = 1.0;
				PRODUCT_BUNDLE_IDENTIFIER = com.aboutobjects.WindowGroups;
				PRODUCT_NAME = "$(TARGET_NAME)";
				SUPPORTED_PLATFORMS = "xros xrsimulator";
				SWIFT_EMIT_LOC_STRINGS = YES;
				SWIFT_VERSION = 5.0;
				TARGETED_DEVICE_FAMILY = "1,2,7";
				XROS_DEPLOYMENT_TARGET = 1.2;
			};
			name = Release;
		};
		B4F280172C0F969F004C185E /* Debug */ = {
			isa = XCBuildConfiguration;
			buildSettings = {
				BUNDLE_LOADER = "$(TEST_HOST)";
				CODE_SIGN_STYLE = Automatic;
				CURRENT_PROJECT_VERSION = 1;
				DEVELOPMENT_TEAM = QJJFB4XBRT;
				GENERATE_INFOPLIST_FILE = YES;
				MARKETING_VERSION = 1.0;
				PRODUCT_BUNDLE_IDENTIFIER = com.aboutobjects.UnitTests;
				PRODUCT_NAME = "$(TARGET_NAME)";
				SUPPORTED_PLATFORMS = "xros xrsimulator";
				SWIFT_EMIT_LOC_STRINGS = NO;
				SWIFT_VERSION = 5.0;
				TARGETED_DEVICE_FAMILY = "1,2,7";
				TEST_HOST = "$(BUILT_PRODUCTS_DIR)/VisionProExamples.app/$(BUNDLE_EXECUTABLE_FOLDER_PATH)/VisionProExamples";
				XROS_DEPLOYMENT_TARGET = 1.2;
			};
			name = Debug;
		};
		B4F280182C0F969F004C185E /* Release */ = {
			isa = XCBuildConfiguration;
			buildSettings = {
				BUNDLE_LOADER = "$(TEST_HOST)";
				CODE_SIGN_STYLE = Automatic;
				CURRENT_PROJECT_VERSION = 1;
				DEVELOPMENT_TEAM = QJJFB4XBRT;
				GENERATE_INFOPLIST_FILE = YES;
				MARKETING_VERSION = 1.0;
				PRODUCT_BUNDLE_IDENTIFIER = com.aboutobjects.UnitTests;
				PRODUCT_NAME = "$(TARGET_NAME)";
				SUPPORTED_PLATFORMS = "xros xrsimulator";
				SWIFT_EMIT_LOC_STRINGS = NO;
				SWIFT_VERSION = 5.0;
				TARGETED_DEVICE_FAMILY = "1,2,7";
				TEST_HOST = "$(BUILT_PRODUCTS_DIR)/VisionProExamples.app/$(BUNDLE_EXECUTABLE_FOLDER_PATH)/VisionProExamples";
				XROS_DEPLOYMENT_TARGET = 1.2;
			};
			name = Release;
		};
/* End XCBuildConfiguration section */

/* Begin XCConfigurationList section */
		B426BB742BFF9BCF00281EA0 /* Build configuration list for PBXNativeTarget "Attachments" */ = {
			isa = XCConfigurationList;
			buildConfigurations = (
				B426BB722BFF9BCF00281EA0 /* Debug */,
				B426BB732BFF9BCF00281EA0 /* Release */,
			);
			defaultConfigurationIsVisible = 0;
			defaultConfigurationName = Release;
		};
		B43B139B2BD158F30018C15B /* Build configuration list for PBXNativeTarget "RotatingCubes" */ = {
			isa = XCConfigurationList;
			buildConfigurations = (
				B43B13992BD158F30018C15B /* Debug */,
				B43B139A2BD158F30018C15B /* Release */,
			);
			defaultConfigurationIsVisible = 0;
			defaultConfigurationName = Release;
		};
		B45868F32BC59FDF00D7DADC /* Build configuration list for PBXProject "VisionProExamples" */ = {
			isa = XCConfigurationList;
			buildConfigurations = (
				B458690B2BC59FEB00D7DADC /* Debug */,
				B458690C2BC59FEB00D7DADC /* Release */,
			);
			defaultConfigurationIsVisible = 0;
			defaultConfigurationName = Release;
		};
		B458690D2BC59FEB00D7DADC /* Build configuration list for PBXNativeTarget "VisionProExamples" */ = {
			isa = XCConfigurationList;
			buildConfigurations = (
				B458690E2BC59FEB00D7DADC /* Debug */,
				B458690F2BC59FEB00D7DADC /* Release */,
			);
			defaultConfigurationIsVisible = 0;
			defaultConfigurationName = Release;
		};
		B45869242BC5A29000D7DADC /* Build configuration list for PBXNativeTarget "LoadingAModel" */ = {
			isa = XCConfigurationList;
			buildConfigurations = (
				B45869252BC5A29000D7DADC /* Debug */,
				B45869262BC5A29000D7DADC /* Release */,
			);
			defaultConfigurationIsVisible = 0;
			defaultConfigurationName = Release;
		};
		B46786392BE1638F0004B275 /* Build configuration list for PBXNativeTarget "SpinningCube" */ = {
			isa = XCConfigurationList;
			buildConfigurations = (
				B46786372BE1638F0004B275 /* Debug */,
				B46786382BE1638F0004B275 /* Release */,
			);
			defaultConfigurationIsVisible = 0;
			defaultConfigurationName = Release;
		};
		B47AE1F92C17867D00F981F8 /* Build configuration list for PBXNativeTarget "Model3D" */ = {
			isa = XCConfigurationList;
			buildConfigurations = (
				B47AE1F72C17867D00F981F8 /* Debug */,
				B47AE1F82C17867D00F981F8 /* Release */,
			);
			defaultConfigurationIsVisible = 0;
			defaultConfigurationName = Release;
		};
		B4C1A15E2BCD64C600E8ACB8 /* Build configuration list for PBXNativeTarget "ProgrammaticModel" */ = {
			isa = XCConfigurationList;
			buildConfigurations = (
				B4C1A15C2BCD64C600E8ACB8 /* Debug */,
				B4C1A15D2BCD64C600E8ACB8 /* Release */,
			);
			defaultConfigurationIsVisible = 0;
			defaultConfigurationName = Release;
		};
		B4D5F2392BEE78670018C80A /* Build configuration list for PBXNativeTarget "Transforms" */ = {
			isa = XCConfigurationList;
			buildConfigurations = (
				B4D5F2372BEE78670018C80A /* Debug */,
				B4D5F2382BEE78670018C80A /* Release */,
			);
			defaultConfigurationIsVisible = 0;
			defaultConfigurationName = Release;
		};
		B4F280092C0E4387004C185E /* Build configuration list for PBXNativeTarget "WindowGroups" */ = {
			isa = XCConfigurationList;
			buildConfigurations = (
				B4F280072C0E4387004C185E /* Debug */,
				B4F280082C0E4387004C185E /* Release */,
			);
			defaultConfigurationIsVisible = 0;
			defaultConfigurationName = Release;
		};
		B4F280162C0F969F004C185E /* Build configuration list for PBXNativeTarget "UnitTests" */ = {
			isa = XCConfigurationList;
			buildConfigurations = (
				B4F280172C0F969F004C185E /* Debug */,
				B4F280182C0F969F004C185E /* Release */,
			);
			defaultConfigurationIsVisible = 0;
			defaultConfigurationName = Release;
		};
/* End XCConfigurationList section */

/* Begin XCSwiftPackageProductDependency section */
		B426BB642BFF9BCD00281EA0 /* RealityKitContent */ = {
			isa = XCSwiftPackageProductDependency;
			productName = RealityKitContent;
		};
		B43B138B2BD158F10018C15B /* RealityKitContent */ = {
			isa = XCSwiftPackageProductDependency;
			productName = RealityKitContent;
		};
		B45868FD2BC59FDF00D7DADC /* RealityKitContent */ = {
			isa = XCSwiftPackageProductDependency;
			productName = RealityKitContent;
		};
		B45869162BC5A28E00D7DADC /* RealityKitContent */ = {
			isa = XCSwiftPackageProductDependency;
			productName = RealityKitContent;
		};
		B46786292BE1638E0004B275 /* RealityKitContent */ = {
			isa = XCSwiftPackageProductDependency;
			productName = RealityKitContent;
		};
		B47AE1E92C17867B00F981F8 /* RealityKitContent */ = {
			isa = XCSwiftPackageProductDependency;
			productName = RealityKitContent;
		};
		B4C1A14E2BCD64C500E8ACB8 /* RealityKitContent */ = {
			isa = XCSwiftPackageProductDependency;
			productName = RealityKitContent;
		};
		B4D5F2292BEE78650018C80A /* RealityKitContent */ = {
			isa = XCSwiftPackageProductDependency;
			productName = RealityKitContent;
		};
		B4F27FF92C0E4386004C185E /* RealityKitContent */ = {
			isa = XCSwiftPackageProductDependency;
			productName = RealityKitContent;
		};
/* End XCSwiftPackageProductDependency section */
	};
	rootObject = B45868F02BC59FDF00D7DADC /* Project object */;
}
